PODS:
  - Bond (7.6.6):
    - Differ (~> 1.4)
    - ReactiveKit (~> 3.14)
  - Differ (1.4.5)
  - Eureka (5.2.1)
  - ImageRow (4.0.0):
    - Eureka (~> 5.0)
  - JGProgressHUD (2.1)
  - ReachabilitySwift (5.0.0)
  - ReactiveKit (3.17.1)
  - Realm (5.3.2):
    - Realm/Headers (= 5.3.2)
  - Realm/Headers (5.3.2)
  - RealmSwift (5.3.2):
    - Realm (= 5.3.2)
  - RichTextRow (1.0.4):
    - Eureka (~> 5.2.1)
  - SideMenu (6.4.9)
  - SwiftKeychainWrapper (3.4.0)
  - ViewRow (0.8):
    - Eureka (>= 5.0.0)
  - WMSegmentControl (1.0)

DEPENDENCIES:
  - Bond
  - Eureka
  - ImageRow
  - JGProgressHUD
  - ReachabilitySwift
  - ReactiveKit
  - RealmSwift
  - RichTextRow
  - SideMenu
  - SwiftKeychainWrapper
  - ViewRow
  - WMSegmentControl

SPEC REPOS:
  trunk:
    - Bond
    - Differ
    - Eureka
    - ImageRow
    - JGProgressHUD
    - ReachabilitySwift
    - ReactiveKit
    - Realm
    - RealmSwift
    - RichTextRow
    - SideMenu
    - SwiftKeychainWrapper
    - ViewRow
    - WMSegmentControl

SPEC CHECKSUMS:
  Bond: 9e7d901cf4ed825b6004a93dd0a7f1c7479e2834
  Differ: 3b6bd78e2b20cc795d9a86f7641d087524e4273e
  Eureka: c883105488e05bc65539f583246ecf9657cabbfe
  ImageRow: e65b2e1a33f89062bf2a553a2aad61d975eb7428
  JGProgressHUD: aa403e9a5b45cae98903c4600cccdd98c0c3ec90
  ReachabilitySwift: 985039c6f7b23a1da463388634119492ff86c825
  ReactiveKit: f578a74d3555296ea61fab228f5245a4ed7b4b27
  Realm: c6794276ca8884808ba168a22f9d71362b170b85
  RealmSwift: 42ec6cec3170aeeda407f797f07268a7d055ebc7
  RichTextRow: e82a02fef3f130d880a921b9dd9dd5336e22c521
  SideMenu: 8ef57a3cfc024a2d3fc1c036c7fe98537baec9e0
  SwiftKeychainWrapper: 6fc49fbf7d4a6b0772917acb0e53a1639f6078d6
  ViewRow: 8da541e9c019f3be63f4e28f311a62cac2045ecf
  WMSegmentControl: 00415dce32ed41ad7623ac6ac076eedbb8140a5e

PODFILE CHECKSUM: af58e3ad98b7a3a10c27c9ead6e9698194d8761b

COCOAPODS: 1.8.4
