// !$*UTF8*$!
{
	archiveVersion = 1;
	classes = {
	};
	objectVersion = 51;
	objects = {

/* Begin PBXBuildFile section */
		1BAC5D0DE8BFC26B2CD443BA /* Pods_CraftExchange.framework in Frameworks */ = {isa = PBXBuildFile; fileRef = D5412112F3E6109F7380B7E3 /* Pods_CraftExchange.framework */; };
		C0144AA52483EA22006FF4AB /* UIViewController+Extentions.swift in Sources */ = {isa = PBXBuildFile; fileRef = C0144AA42483EA22006FF4AB /* UIViewController+Extentions.swift */; };
		C0144AA72483FA27006FF4AB /* ForgotPasswordController.swift in Sources */ = {isa = PBXBuildFile; fileRef = C0144AA62483FA27006FF4AB /* ForgotPasswordController.swift */; };
		C0144AA92483FA39006FF4AB /* ResetPasswordController.swift in Sources */ = {isa = PBXBuildFile; fileRef = C0144AA82483FA39006FF4AB /* ResetPasswordController.swift */; };
		C0144AAB2483FC38006FF4AB /* ForgotPasswordScene.swift in Sources */ = {isa = PBXBuildFile; fileRef = C0144AAA2483FC38006FF4AB /* ForgotPasswordScene.swift */; };
		C0144AAD2483FC4B006FF4AB /* ResetPasswordScene.swift in Sources */ = {isa = PBXBuildFile; fileRef = C0144AAC2483FC4B006FF4AB /* ResetPasswordScene.swift */; };
		C0144AAF2483FCA5006FF4AB /* ForgotPasswordService.swift in Sources */ = {isa = PBXBuildFile; fileRef = C0144AAE2483FCA5006FF4AB /* ForgotPasswordService.swift */; };
		C0144AB12483FCB5006FF4AB /* ResetPasswordService.swift in Sources */ = {isa = PBXBuildFile; fileRef = C0144AB02483FCB5006FF4AB /* ResetPasswordService.swift */; };
		C0144AB3248435F7006FF4AB /* PwdResetSuccessfulController.swift in Sources */ = {isa = PBXBuildFile; fileRef = C0144AB2248435F7006FF4AB /* PwdResetSuccessfulController.swift */; };
		C0144AB424843D4A006FF4AB /* RegisterArtisan.storyboard in Resources */ = {isa = PBXBuildFile; fileRef = C0144AB624843D4A006FF4AB /* RegisterArtisan.storyboard */; };
		C0144AB924843D66006FF4AB /* ForgotPassword.storyboard in Resources */ = {isa = PBXBuildFile; fileRef = C0144ABB24843D66006FF4AB /* ForgotPassword.storyboard */; };
		C03BD87B2476F0BC00279D7F /* AppDelegate.swift in Sources */ = {isa = PBXBuildFile; fileRef = C03BD87A2476F0BC00279D7F /* AppDelegate.swift */; };
		C03BD87D2476F0BC00279D7F /* SceneDelegate.swift in Sources */ = {isa = PBXBuildFile; fileRef = C03BD87C2476F0BC00279D7F /* SceneDelegate.swift */; };
		C03BD8822476F0BC00279D7F /* Main.storyboard in Resources */ = {isa = PBXBuildFile; fileRef = C03BD8802476F0BC00279D7F /* Main.storyboard */; };
		C03BD8842476F0BF00279D7F /* Assets.xcassets in Resources */ = {isa = PBXBuildFile; fileRef = C03BD8832476F0BF00279D7F /* Assets.xcassets */; };
		C03BD8872476F0BF00279D7F /* LaunchScreen.storyboard in Resources */ = {isa = PBXBuildFile; fileRef = C03BD8852476F0BF00279D7F /* LaunchScreen.storyboard */; };
		C05498D524995914005D5E57 /* RegisterBuyerController.swift in Sources */ = {isa = PBXBuildFile; fileRef = C05498D424995914005D5E57 /* RegisterBuyerController.swift */; };
		C06DB542249B59910009BCC1 /* Tabbar.storyboard in Resources */ = {isa = PBXBuildFile; fileRef = C06DB541249B59910009BCC1 /* Tabbar.storyboard */; };
		C071E22B247E7F820085805B /* Address.swift in Sources */ = {isa = PBXBuildFile; fileRef = C071E22A247E7F820085805B /* Address.swift */; };
		C071E22D247E810D0085805B /* Strings+Extensions.swift in Sources */ = {isa = PBXBuildFile; fileRef = C071E22C247E810D0085805B /* Strings+Extensions.swift */; };
		C071E230247EAB300085805B /* BuyerCompanyDetails.swift in Sources */ = {isa = PBXBuildFile; fileRef = C071E22F247EAB300085805B /* BuyerCompanyDetails.swift */; };
		C071E232247EAC0F0085805B /* ClusterDetails.swift in Sources */ = {isa = PBXBuildFile; fileRef = C071E231247EAC0F0085805B /* ClusterDetails.swift */; };
		C071E234247EB6170085805B /* ProductCategory.swift in Sources */ = {isa = PBXBuildFile; fileRef = C071E233247EB6170085805B /* ProductCategory.swift */; };
		C071E236247EB69D0085805B /* Role.swift in Sources */ = {isa = PBXBuildFile; fileRef = C071E235247EB69D0085805B /* Role.swift */; };
		C071E238247ED41A0085805B /* User.swift in Sources */ = {isa = PBXBuildFile; fileRef = C071E237247ED41A0085805B /* User.swift */; };
		C071E23A247EDDB20085805B /* UserProductCategory.swift in Sources */ = {isa = PBXBuildFile; fileRef = C071E239247EDDB20085805B /* UserProductCategory.swift */; };
		C071E23C247EDDF90085805B /* ClusterProductCategory.swift in Sources */ = {isa = PBXBuildFile; fileRef = C071E23B247EDDF90085805B /* ClusterProductCategory.swift */; };
		C071E246247EE59E0085805B /* Utilities.swift in Sources */ = {isa = PBXBuildFile; fileRef = C071E240247EE59E0085805B /* Utilities.swift */; };
		C071E247247EE59E0085805B /* Result.swift in Sources */ = {isa = PBXBuildFile; fileRef = C071E241247EE59E0085805B /* Result.swift */; };
		C071E248247EE59E0085805B /* HTTPMethod.swift in Sources */ = {isa = PBXBuildFile; fileRef = C071E242247EE59E0085805B /* HTTPMethod.swift */; };
		C071E249247EE59E0085805B /* Client.swift in Sources */ = {isa = PBXBuildFile; fileRef = C071E243247EE59E0085805B /* Client.swift */; };
		C071E24A247EE59E0085805B /* Request.swift in Sources */ = {isa = PBXBuildFile; fileRef = C071E244247EE59E0085805B /* Request.swift */; };
		C071E24B247EE59E0085805B /* RequestParameters.swift in Sources */ = {isa = PBXBuildFile; fileRef = C071E245247EE59E0085805B /* RequestParameters.swift */; };
		C071E251247EE5C80085805B /* Activity.swift in Sources */ = {isa = PBXBuildFile; fileRef = C071E24D247EE5C70085805B /* Activity.swift */; };
		C071E252247EE5C80085805B /* APIError.swift in Sources */ = {isa = PBXBuildFile; fileRef = C071E24E247EE5C70085805B /* APIError.swift */; };
		C071E253247EE5C80085805B /* CraftExchangeClient.swift in Sources */ = {isa = PBXBuildFile; fileRef = C071E24F247EE5C70085805B /* CraftExchangeClient.swift */; };
		C071E254247EE5C80085805B /* SafeClient.swift in Sources */ = {isa = PBXBuildFile; fileRef = C071E250247EE5C70085805B /* SafeClient.swift */; };
		C071E256247EE6CD0085805B /* KeychainManager.swift in Sources */ = {isa = PBXBuildFile; fileRef = C071E255247EE6CD0085805B /* KeychainManager.swift */; };
		C071E258247EE9940085805B /* APIClient.swift in Sources */ = {isa = PBXBuildFile; fileRef = C071E257247EE9940085805B /* APIClient.swift */; };
		C071E25B247EF5C40085805B /* User+Request.swift in Sources */ = {isa = PBXBuildFile; fileRef = C071E25A247EF5C40085805B /* User+Request.swift */; };
		C071E25D247EF9280085805B /* ValidateUserService.swift in Sources */ = {isa = PBXBuildFile; fileRef = C071E25C247EF9280085805B /* ValidateUserService.swift */; };
		C071E25F247EFAAB0085805B /* BaseService.swift in Sources */ = {isa = PBXBuildFile; fileRef = C071E25E247EFAAB0085805B /* BaseService.swift */; };
		C071E262247EFCC60085805B /* OfflineRequestsManager.swift in Sources */ = {isa = PBXBuildFile; fileRef = C071E261247EFCC60085805B /* OfflineRequestsManager.swift */; };
		C071E264247F07930085805B /* ReactiveExtentions.swift in Sources */ = {isa = PBXBuildFile; fileRef = C071E263247F07930085805B /* ReactiveExtentions.swift */; };
		C07376C0247BD9020014C3CA /* ValidateUserScene.swift in Sources */ = {isa = PBXBuildFile; fileRef = C07376BF247BD9020014C3CA /* ValidateUserScene.swift */; };
		C07D69A22477EB8500B0B0FA /* RoundedButton.swift in Sources */ = {isa = PBXBuildFile; fileRef = C07D69A12477EB8500B0B0FA /* RoundedButton.swift */; };
		C07D69A62478394700B0B0FA /* RoundedTextField.swift in Sources */ = {isa = PBXBuildFile; fileRef = C07D69A52478394700B0B0FA /* RoundedTextField.swift */; };
		C08FBDFC2497EF870065BB20 /* REGBuyerPersonalInfoController.swift in Sources */ = {isa = PBXBuildFile; fileRef = C08FBDFB2497EF870065BB20 /* REGBuyerPersonalInfoController.swift */; };
		C08FBDFE2497F2DA0065BB20 /* REGBuyerPersonalInfoScene.swift in Sources */ = {isa = PBXBuildFile; fileRef = C08FBDFD2497F2DA0065BB20 /* REGBuyerPersonalInfoScene.swift */; };
		C08FBE002497F31B0065BB20 /* REGBuyerPersonalInfoService.swift in Sources */ = {isa = PBXBuildFile; fileRef = C08FBDFF2497F31B0065BB20 /* REGBuyerPersonalInfoService.swift */; };
		C08FBE022497FF920065BB20 /* REGBuyerCompanyInfoScene.swift in Sources */ = {isa = PBXBuildFile; fileRef = C08FBE012497FF920065BB20 /* REGBuyerCompanyInfoScene.swift */; };
		C08FBE042497FFB00065BB20 /* REGBuyerCompanyInfoController.swift in Sources */ = {isa = PBXBuildFile; fileRef = C08FBE032497FFB00065BB20 /* REGBuyerCompanyInfoController.swift */; };
		C08FBE06249801CD0065BB20 /* REGBuyerCompanyInfoService.swift in Sources */ = {isa = PBXBuildFile; fileRef = C08FBE05249801CD0065BB20 /* REGBuyerCompanyInfoService.swift */; };
		C091894E248038BB0058501C /* RoleViewController.swift in Sources */ = {isa = PBXBuildFile; fileRef = C091894D248038BB0058501C /* RoleViewController.swift */; };
		C0918950248038E30058501C /* LoginUserScene.swift in Sources */ = {isa = PBXBuildFile; fileRef = C091894F248038E30058501C /* LoginUserScene.swift */; };
		C0925798249F7009006C4C05 /* BuyerHomeController.swift in Sources */ = {isa = PBXBuildFile; fileRef = C0925797249F7009006C4C05 /* BuyerHomeController.swift */; };
		C092579A249F7235006C4C05 /* BuyerTabbarController.swift in Sources */ = {isa = PBXBuildFile; fileRef = C0925799249F7235006C4C05 /* BuyerTabbarController.swift */; };
		C094288124B39E74005FDF93 /* Country+Transaction.swift in Sources */ = {isa = PBXBuildFile; fileRef = C094288024B39E74005FDF93 /* Country+Transaction.swift */; };
		C09D002524B7379C0039F805 /* MyProfile.storyboard in Resources */ = {isa = PBXBuildFile; fileRef = C09D002424B7379C0039F805 /* MyProfile.storyboard */; };
		C09F214B24861C79001F2FCD /* RegisterArtisanDataController.swift in Sources */ = {isa = PBXBuildFile; fileRef = C09F214A24861C79001F2FCD /* RegisterArtisanDataController.swift */; };
		C09F214D24862987001F2FCD /* REGArtisanInfoInputService.swift in Sources */ = {isa = PBXBuildFile; fileRef = C09F214C24862987001F2FCD /* REGArtisanInfoInputService.swift */; };
		C09F214F24862B56001F2FCD /* REGArtisanDataScene.swift in Sources */ = {isa = PBXBuildFile; fileRef = C09F214E24862B56001F2FCD /* REGArtisanDataScene.swift */; };
		C09F215224862F12001F2FCD /* ProductCategory+Transaction.swift in Sources */ = {isa = PBXBuildFile; fileRef = C09F215124862F12001F2FCD /* ProductCategory+Transaction.swift */; };
		C09F21542486312D001F2FCD /* ClusterDetails+Transaction.swift in Sources */ = {isa = PBXBuildFile; fileRef = C09F21532486312D001F2FCD /* ClusterDetails+Transaction.swift */; };
		C0A29FFC24B8A72300A49E56 /* CompanyPointOfContact.swift in Sources */ = {isa = PBXBuildFile; fileRef = C0A29FFB24B8A72300A49E56 /* CompanyPointOfContact.swift */; };
		C0A29FFE24B8ABC500A49E56 /* Weaver.swift in Sources */ = {isa = PBXBuildFile; fileRef = C0A29FFD24B8ABC500A49E56 /* Weaver.swift */; };
		C0A2A00024B8B7A900A49E56 /* AddressType.swift in Sources */ = {isa = PBXBuildFile; fileRef = C0A29FFF24B8B7A900A49E56 /* AddressType.swift */; };
		C0A2A00224B8B9A900A49E56 /* PaymentAccDetails.swift in Sources */ = {isa = PBXBuildFile; fileRef = C0A2A00124B8B9A900A49E56 /* PaymentAccDetails.swift */; };
		C0A2A00424B8D22E00A49E56 /* User+Transaction.swift in Sources */ = {isa = PBXBuildFile; fileRef = C0A2A00324B8D22E00A49E56 /* User+Transaction.swift */; };
		C0A2A00624B8D89800A49E56 /* Address+Transaction.swift in Sources */ = {isa = PBXBuildFile; fileRef = C0A2A00524B8D89800A49E56 /* Address+Transaction.swift */; };
		C0A3F41724B7959C0071F7F8 /* BuyerProfileController.swift in Sources */ = {isa = PBXBuildFile; fileRef = C0A3F41624B7959C0071F7F8 /* BuyerProfileController.swift */; };
		C0A3F41924B7A7EF0071F7F8 /* BuyerGeneralInfo.swift in Sources */ = {isa = PBXBuildFile; fileRef = C0A3F41824B7A7EF0071F7F8 /* BuyerGeneralInfo.swift */; };
		C0A3F41B24B7A8090071F7F8 /* BuyerCompanyProfileInfo.swift in Sources */ = {isa = PBXBuildFile; fileRef = C0A3F41A24B7A8090071F7F8 /* BuyerCompanyProfileInfo.swift */; };
		C0A3F41D24B7A8220071F7F8 /* BuyerProfileAddrInfo.swift in Sources */ = {isa = PBXBuildFile; fileRef = C0A3F41C24B7A8220071F7F8 /* BuyerProfileAddrInfo.swift */; };
		C0A5EB6624A0EB0100AD42EA /* SideMenuController.swift in Sources */ = {isa = PBXBuildFile; fileRef = C0A5EB6524A0EB0100AD42EA /* SideMenuController.swift */; };
		C0A5EB6A24A0F68500AD42EA /* UIColor+Extensions.swift in Sources */ = {isa = PBXBuildFile; fileRef = C0A5EB6924A0F68500AD42EA /* UIColor+Extensions.swift */; };
		C0A5EB6E24A1321F00AD42EA /* video.mp4 in Resources */ = {isa = PBXBuildFile; fileRef = C0A5EB6D24A1321F00AD42EA /* video.mp4 */; };
		C0A9108A247CD8D000852695 /* Lato-Italic.ttf in Resources */ = {isa = PBXBuildFile; fileRef = C0A9107F247CD8D000852695 /* Lato-Italic.ttf */; };
		C0A9108B247CD8D000852695 /* Lato-LightItalic.ttf in Resources */ = {isa = PBXBuildFile; fileRef = C0A91080247CD8D000852695 /* Lato-LightItalic.ttf */; };
		C0A9108C247CD8D000852695 /* Lato-Thin.ttf in Resources */ = {isa = PBXBuildFile; fileRef = C0A91081247CD8D000852695 /* Lato-Thin.ttf */; };
		C0A9108D247CD8D000852695 /* Lato-Bold.ttf in Resources */ = {isa = PBXBuildFile; fileRef = C0A91082247CD8D000852695 /* Lato-Bold.ttf */; };
		C0A9108E247CD8D000852695 /* Lato-Black.ttf in Resources */ = {isa = PBXBuildFile; fileRef = C0A91083247CD8D000852695 /* Lato-Black.ttf */; };
		C0A9108F247CD8D000852695 /* Lato-Regular.ttf in Resources */ = {isa = PBXBuildFile; fileRef = C0A91084247CD8D000852695 /* Lato-Regular.ttf */; };
		C0A91090247CD8D000852695 /* Lato-BlackItalic.ttf in Resources */ = {isa = PBXBuildFile; fileRef = C0A91085247CD8D000852695 /* Lato-BlackItalic.ttf */; };
		C0A91091247CD8D000852695 /* OFL.txt in Resources */ = {isa = PBXBuildFile; fileRef = C0A91086247CD8D000852695 /* OFL.txt */; };
		C0A91092247CD8D000852695 /* Lato-BoldItalic.ttf in Resources */ = {isa = PBXBuildFile; fileRef = C0A91087247CD8D000852695 /* Lato-BoldItalic.ttf */; };
		C0A91093247CD8D000852695 /* Lato-Light.ttf in Resources */ = {isa = PBXBuildFile; fileRef = C0A91088247CD8D000852695 /* Lato-Light.ttf */; };
		C0A91094247CD8D000852695 /* Lato-ThinItalic.ttf in Resources */ = {isa = PBXBuildFile; fileRef = C0A91089247CD8D000852695 /* Lato-ThinItalic.ttf */; };
		C0A910A2247CD90B00852695 /* PlayfairDisplay-Bold.ttf in Resources */ = {isa = PBXBuildFile; fileRef = C0A91096247CD90B00852695 /* PlayfairDisplay-Bold.ttf */; };
		C0A910A3247CD90B00852695 /* PlayfairDisplay-SemiBold.ttf in Resources */ = {isa = PBXBuildFile; fileRef = C0A91097247CD90B00852695 /* PlayfairDisplay-SemiBold.ttf */; };
		C0A910A4247CD90B00852695 /* PlayfairDisplay-Medium.ttf in Resources */ = {isa = PBXBuildFile; fileRef = C0A91098247CD90B00852695 /* PlayfairDisplay-Medium.ttf */; };
		C0A910A5247CD90B00852695 /* PlayfairDisplay-BoldItalic.ttf in Resources */ = {isa = PBXBuildFile; fileRef = C0A91099247CD90B00852695 /* PlayfairDisplay-BoldItalic.ttf */; };
		C0A910A6247CD90B00852695 /* PlayfairDisplay-ExtraBoldItalic.ttf in Resources */ = {isa = PBXBuildFile; fileRef = C0A9109A247CD90B00852695 /* PlayfairDisplay-ExtraBoldItalic.ttf */; };
		C0A910A7247CD90B00852695 /* PlayfairDisplay-Italic.ttf in Resources */ = {isa = PBXBuildFile; fileRef = C0A9109B247CD90B00852695 /* PlayfairDisplay-Italic.ttf */; };
		C0A910A8247CD90B00852695 /* PlayfairDisplay-Regular.ttf in Resources */ = {isa = PBXBuildFile; fileRef = C0A9109C247CD90B00852695 /* PlayfairDisplay-Regular.ttf */; };
		C0A910A9247CD90B00852695 /* PlayfairDisplay-Black.ttf in Resources */ = {isa = PBXBuildFile; fileRef = C0A9109D247CD90B00852695 /* PlayfairDisplay-Black.ttf */; };
		C0A910AA247CD90B00852695 /* PlayfairDisplay-SemiBoldItalic.ttf in Resources */ = {isa = PBXBuildFile; fileRef = C0A9109E247CD90B00852695 /* PlayfairDisplay-SemiBoldItalic.ttf */; };
		C0A910AB247CD90B00852695 /* PlayfairDisplay-MediumItalic.ttf in Resources */ = {isa = PBXBuildFile; fileRef = C0A9109F247CD90B00852695 /* PlayfairDisplay-MediumItalic.ttf */; };
		C0A910AC247CD90B00852695 /* PlayfairDisplay-BlackItalic.ttf in Resources */ = {isa = PBXBuildFile; fileRef = C0A910A0247CD90B00852695 /* PlayfairDisplay-BlackItalic.ttf */; };
		C0A910AD247CD90B00852695 /* PlayfairDisplay-ExtraBold.ttf in Resources */ = {isa = PBXBuildFile; fileRef = C0A910A1247CD90B00852695 /* PlayfairDisplay-ExtraBold.ttf */; };
		C0A9970F2483AD740035A33D /* LoginPasswordController.swift in Sources */ = {isa = PBXBuildFile; fileRef = C0A9970E2483AD740035A33D /* LoginPasswordController.swift */; };
		C0A997112483ADFA0035A33D /* LoginUserService.swift in Sources */ = {isa = PBXBuildFile; fileRef = C0A997102483ADFA0035A33D /* LoginUserService.swift */; };
		C0AAC39024927296008C2047 /* RoundedTextFieldRow.swift in Sources */ = {isa = PBXBuildFile; fileRef = C0AAC38F24927296008C2047 /* RoundedTextFieldRow.swift */; };
		C0AAC392249272AC008C2047 /* RoundedTextFieldRow.xib in Resources */ = {isa = PBXBuildFile; fileRef = C0AAC391249272AC008C2047 /* RoundedTextFieldRow.xib */; };
		C0AAC3942492BB8A008C2047 /* RoundedActionSheetRow.swift in Sources */ = {isa = PBXBuildFile; fileRef = C0AAC3932492BB89008C2047 /* RoundedActionSheetRow.swift */; };
		C0AAC3962492BBA2008C2047 /* RoundedActionSheetRow.xib in Resources */ = {isa = PBXBuildFile; fileRef = C0AAC3952492BBA2008C2047 /* RoundedActionSheetRow.xib */; };
		C0AC755D249402C00011B7D3 /* RoundedButtonViewRow.swift in Sources */ = {isa = PBXBuildFile; fileRef = C0AC755C249402C00011B7D3 /* RoundedButtonViewRow.swift */; };
		C0AC755F249403380011B7D3 /* RoundedButtonViewRow.xib in Resources */ = {isa = PBXBuildFile; fileRef = C0AC755E249403380011B7D3 /* RoundedButtonViewRow.xib */; };
		C0ACE9902484EF0D00EFA4ED /* User+Register.swift in Sources */ = {isa = PBXBuildFile; fileRef = C0ACE98F2484EF0D00EFA4ED /* User+Register.swift */; };
		C0ACE9922484EF3800EFA4ED /* Country+Request.swift in Sources */ = {isa = PBXBuildFile; fileRef = C0ACE9912484EF3800EFA4ED /* Country+Request.swift */; };
		C0ACE99424852A5B00EFA4ED /* CXUser.swift in Sources */ = {isa = PBXBuildFile; fileRef = C0ACE99324852A5B00EFA4ED /* CXUser.swift */; };
		C0ACE9962485895600EFA4ED /* Country.swift in Sources */ = {isa = PBXBuildFile; fileRef = C0ACE9952485895600EFA4ED /* Country.swift */; };
		C0ACE9982485900F00EFA4ED /* REGValidateArtisanController.swift in Sources */ = {isa = PBXBuildFile; fileRef = C0ACE9972485900F00EFA4ED /* REGValidateArtisanController.swift */; };
		C0ACE99A2485908E00EFA4ED /* REGValidateUserEmailController.swift in Sources */ = {isa = PBXBuildFile; fileRef = C0ACE9992485908E00EFA4ED /* REGValidateUserEmailController.swift */; };
		C0ACE99C248590B100EFA4ED /* REGNewUserPasswordController.swift in Sources */ = {isa = PBXBuildFile; fileRef = C0ACE99B248590B100EFA4ED /* REGNewUserPasswordController.swift */; };
		C0ACE99E2485916400EFA4ED /* ProductCategory+Request.swift in Sources */ = {isa = PBXBuildFile; fileRef = C0ACE99D2485916400EFA4ED /* ProductCategory+Request.swift */; };
		C0ACE9A02485923F00EFA4ED /* RegisterArtisanController.swift in Sources */ = {isa = PBXBuildFile; fileRef = C0ACE99F2485923F00EFA4ED /* RegisterArtisanController.swift */; };
		C0ACE9A22485947500EFA4ED /* ValidateWeaverService.swift in Sources */ = {isa = PBXBuildFile; fileRef = C0ACE9A12485947500EFA4ED /* ValidateWeaverService.swift */; };
		C0ACE9A4248594DE00EFA4ED /* REGValidateWeaverScene.swift in Sources */ = {isa = PBXBuildFile; fileRef = C0ACE9A3248594DE00EFA4ED /* REGValidateWeaverScene.swift */; };
		C0ACE9A62485966600EFA4ED /* REGValidateUserEmailService.swift in Sources */ = {isa = PBXBuildFile; fileRef = C0ACE9A52485966600EFA4ED /* REGValidateUserEmailService.swift */; };
		C0ACE9A82485970100EFA4ED /* REGValidateUserEmailScene.swift in Sources */ = {isa = PBXBuildFile; fileRef = C0ACE9A72485970100EFA4ED /* REGValidateUserEmailScene.swift */; };
		C0ACE9AC2485A54600EFA4ED /* RegisterArtisanService.swift in Sources */ = {isa = PBXBuildFile; fileRef = C0ACE9AB2485A54600EFA4ED /* RegisterArtisanService.swift */; };
		C0ACE9AE2485A5BB00EFA4ED /* RegisterArtisanScene.swift in Sources */ = {isa = PBXBuildFile; fileRef = C0ACE9AD2485A5BB00EFA4ED /* RegisterArtisanScene.swift */; };
		C0ACE9B02485BD0C00EFA4ED /* ClusterDetails+Request.swift in Sources */ = {isa = PBXBuildFile; fileRef = C0ACE9AF2485BD0C00EFA4ED /* ClusterDetails+Request.swift */; };
		C0B08AE124787DB400BDEDE5 /* LoginEmailController.swift in Sources */ = {isa = PBXBuildFile; fileRef = C0B08AE024787DB400BDEDE5 /* LoginEmailController.swift */; };
		C0C8DC7124A0A3B8000403B7 /* UIView+Extensions.swift in Sources */ = {isa = PBXBuildFile; fileRef = C0C8DC7024A0A3B8000403B7 /* UIView+Extensions.swift */; };
		C0E212D62498D11C00EC2B80 /* REGBuyerAddressInfoController.swift in Sources */ = {isa = PBXBuildFile; fileRef = C0E212D52498D11C00EC2B80 /* REGBuyerAddressInfoController.swift */; };
		C0E212D82498D13700EC2B80 /* REGBuyerAddressInfoService.swift in Sources */ = {isa = PBXBuildFile; fileRef = C0E212D72498D13700EC2B80 /* REGBuyerAddressInfoService.swift */; };
		C0E212DA2498D17300EC2B80 /* REGBuyerAddressInfoScene.swift in Sources */ = {isa = PBXBuildFile; fileRef = C0E212D92498D17300EC2B80 /* REGBuyerAddressInfoScene.swift */; };
/* End PBXBuildFile section */

/* Begin PBXFileReference section */
		C0144AA42483EA22006FF4AB /* UIViewController+Extentions.swift */ = {isa = PBXFileReference; fileEncoding = 4; lastKnownFileType = sourcecode.swift; path = "UIViewController+Extentions.swift"; sourceTree = "<group>"; };
		C0144AA62483FA27006FF4AB /* ForgotPasswordController.swift */ = {isa = PBXFileReference; lastKnownFileType = sourcecode.swift; path = ForgotPasswordController.swift; sourceTree = "<group>"; };
		C0144AA82483FA39006FF4AB /* ResetPasswordController.swift */ = {isa = PBXFileReference; lastKnownFileType = sourcecode.swift; path = ResetPasswordController.swift; sourceTree = "<group>"; };
		C0144AAA2483FC38006FF4AB /* ForgotPasswordScene.swift */ = {isa = PBXFileReference; lastKnownFileType = sourcecode.swift; path = ForgotPasswordScene.swift; sourceTree = "<group>"; };
		C0144AAC2483FC4B006FF4AB /* ResetPasswordScene.swift */ = {isa = PBXFileReference; lastKnownFileType = sourcecode.swift; path = ResetPasswordScene.swift; sourceTree = "<group>"; };
		C0144AAE2483FCA5006FF4AB /* ForgotPasswordService.swift */ = {isa = PBXFileReference; lastKnownFileType = sourcecode.swift; path = ForgotPasswordService.swift; sourceTree = "<group>"; };
		C0144AB02483FCB5006FF4AB /* ResetPasswordService.swift */ = {isa = PBXFileReference; lastKnownFileType = sourcecode.swift; path = ResetPasswordService.swift; sourceTree = "<group>"; };
		C0144AB2248435F7006FF4AB /* PwdResetSuccessfulController.swift */ = {isa = PBXFileReference; lastKnownFileType = sourcecode.swift; path = PwdResetSuccessfulController.swift; sourceTree = "<group>"; };
		C0144AB524843D4A006FF4AB /* Base */ = {isa = PBXFileReference; lastKnownFileType = file.storyboard; name = Base; path = Base.lproj/RegisterArtisan.storyboard; sourceTree = "<group>"; };
		C0144AB824843D54006FF4AB /* en */ = {isa = PBXFileReference; lastKnownFileType = text.plist.strings; name = en; path = en.lproj/RegisterArtisan.strings; sourceTree = "<group>"; };
		C0144ABA24843D66006FF4AB /* Base */ = {isa = PBXFileReference; lastKnownFileType = file.storyboard; name = Base; path = Base.lproj/ForgotPassword.storyboard; sourceTree = "<group>"; };
		C0144ABD24843D72006FF4AB /* en */ = {isa = PBXFileReference; lastKnownFileType = text.plist.strings; name = en; path = en.lproj/ForgotPassword.strings; sourceTree = "<group>"; };
		C03BD8772476F0BC00279D7F /* CraftExchange.app */ = {isa = PBXFileReference; explicitFileType = wrapper.application; includeInIndex = 0; path = CraftExchange.app; sourceTree = BUILT_PRODUCTS_DIR; };
		C03BD87A2476F0BC00279D7F /* AppDelegate.swift */ = {isa = PBXFileReference; lastKnownFileType = sourcecode.swift; path = AppDelegate.swift; sourceTree = "<group>"; };
		C03BD87C2476F0BC00279D7F /* SceneDelegate.swift */ = {isa = PBXFileReference; lastKnownFileType = sourcecode.swift; path = SceneDelegate.swift; sourceTree = "<group>"; };
		C03BD8812476F0BC00279D7F /* Base */ = {isa = PBXFileReference; lastKnownFileType = file.storyboard; name = Base; path = Base.lproj/Main.storyboard; sourceTree = "<group>"; };
		C03BD8832476F0BF00279D7F /* Assets.xcassets */ = {isa = PBXFileReference; lastKnownFileType = folder.assetcatalog; path = Assets.xcassets; sourceTree = "<group>"; };
		C03BD8862476F0BF00279D7F /* Base */ = {isa = PBXFileReference; lastKnownFileType = file.storyboard; name = Base; path = Base.lproj/LaunchScreen.storyboard; sourceTree = "<group>"; };
		C03BD8882476F0BF00279D7F /* Info.plist */ = {isa = PBXFileReference; lastKnownFileType = text.plist.xml; path = Info.plist; sourceTree = "<group>"; };
		C05498D424995914005D5E57 /* RegisterBuyerController.swift */ = {isa = PBXFileReference; lastKnownFileType = sourcecode.swift; path = RegisterBuyerController.swift; sourceTree = "<group>"; };
		C06DB541249B59910009BCC1 /* Tabbar.storyboard */ = {isa = PBXFileReference; lastKnownFileType = file.storyboard; path = Tabbar.storyboard; sourceTree = "<group>"; };
		C071E22A247E7F820085805B /* Address.swift */ = {isa = PBXFileReference; lastKnownFileType = sourcecode.swift; path = Address.swift; sourceTree = "<group>"; };
		C071E22C247E810D0085805B /* Strings+Extensions.swift */ = {isa = PBXFileReference; lastKnownFileType = sourcecode.swift; path = "Strings+Extensions.swift"; sourceTree = "<group>"; };
		C071E22F247EAB300085805B /* BuyerCompanyDetails.swift */ = {isa = PBXFileReference; lastKnownFileType = sourcecode.swift; path = BuyerCompanyDetails.swift; sourceTree = "<group>"; };
		C071E231247EAC0F0085805B /* ClusterDetails.swift */ = {isa = PBXFileReference; lastKnownFileType = sourcecode.swift; path = ClusterDetails.swift; sourceTree = "<group>"; };
		C071E233247EB6170085805B /* ProductCategory.swift */ = {isa = PBXFileReference; lastKnownFileType = sourcecode.swift; path = ProductCategory.swift; sourceTree = "<group>"; };
		C071E235247EB69D0085805B /* Role.swift */ = {isa = PBXFileReference; lastKnownFileType = sourcecode.swift; path = Role.swift; sourceTree = "<group>"; };
		C071E237247ED41A0085805B /* User.swift */ = {isa = PBXFileReference; lastKnownFileType = sourcecode.swift; path = User.swift; sourceTree = "<group>"; };
		C071E239247EDDB20085805B /* UserProductCategory.swift */ = {isa = PBXFileReference; lastKnownFileType = sourcecode.swift; path = UserProductCategory.swift; sourceTree = "<group>"; };
		C071E23B247EDDF90085805B /* ClusterProductCategory.swift */ = {isa = PBXFileReference; lastKnownFileType = sourcecode.swift; path = ClusterProductCategory.swift; sourceTree = "<group>"; };
		C071E240247EE59E0085805B /* Utilities.swift */ = {isa = PBXFileReference; fileEncoding = 4; lastKnownFileType = sourcecode.swift; path = Utilities.swift; sourceTree = "<group>"; };
		C071E241247EE59E0085805B /* Result.swift */ = {isa = PBXFileReference; fileEncoding = 4; lastKnownFileType = sourcecode.swift; path = Result.swift; sourceTree = "<group>"; };
		C071E242247EE59E0085805B /* HTTPMethod.swift */ = {isa = PBXFileReference; fileEncoding = 4; lastKnownFileType = sourcecode.swift; path = HTTPMethod.swift; sourceTree = "<group>"; };
		C071E243247EE59E0085805B /* Client.swift */ = {isa = PBXFileReference; fileEncoding = 4; lastKnownFileType = sourcecode.swift; path = Client.swift; sourceTree = "<group>"; };
		C071E244247EE59E0085805B /* Request.swift */ = {isa = PBXFileReference; fileEncoding = 4; lastKnownFileType = sourcecode.swift; path = Request.swift; sourceTree = "<group>"; };
		C071E245247EE59E0085805B /* RequestParameters.swift */ = {isa = PBXFileReference; fileEncoding = 4; lastKnownFileType = sourcecode.swift; path = RequestParameters.swift; sourceTree = "<group>"; };
		C071E24D247EE5C70085805B /* Activity.swift */ = {isa = PBXFileReference; fileEncoding = 4; lastKnownFileType = sourcecode.swift; path = Activity.swift; sourceTree = "<group>"; };
		C071E24E247EE5C70085805B /* APIError.swift */ = {isa = PBXFileReference; fileEncoding = 4; lastKnownFileType = sourcecode.swift; path = APIError.swift; sourceTree = "<group>"; };
		C071E24F247EE5C70085805B /* CraftExchangeClient.swift */ = {isa = PBXFileReference; fileEncoding = 4; lastKnownFileType = sourcecode.swift; path = CraftExchangeClient.swift; sourceTree = "<group>"; };
		C071E250247EE5C70085805B /* SafeClient.swift */ = {isa = PBXFileReference; fileEncoding = 4; lastKnownFileType = sourcecode.swift; path = SafeClient.swift; sourceTree = "<group>"; };
		C071E255247EE6CD0085805B /* KeychainManager.swift */ = {isa = PBXFileReference; fileEncoding = 4; lastKnownFileType = sourcecode.swift; path = KeychainManager.swift; sourceTree = "<group>"; };
		C071E257247EE9940085805B /* APIClient.swift */ = {isa = PBXFileReference; fileEncoding = 4; lastKnownFileType = sourcecode.swift; path = APIClient.swift; sourceTree = "<group>"; };
		C071E25A247EF5C40085805B /* User+Request.swift */ = {isa = PBXFileReference; lastKnownFileType = sourcecode.swift; path = "User+Request.swift"; sourceTree = "<group>"; };
		C071E25C247EF9280085805B /* ValidateUserService.swift */ = {isa = PBXFileReference; lastKnownFileType = sourcecode.swift; path = ValidateUserService.swift; sourceTree = "<group>"; };
		C071E25E247EFAAB0085805B /* BaseService.swift */ = {isa = PBXFileReference; fileEncoding = 4; lastKnownFileType = sourcecode.swift; path = BaseService.swift; sourceTree = "<group>"; };
		C071E261247EFCC60085805B /* OfflineRequestsManager.swift */ = {isa = PBXFileReference; fileEncoding = 4; lastKnownFileType = sourcecode.swift; path = OfflineRequestsManager.swift; sourceTree = "<group>"; };
		C071E263247F07930085805B /* ReactiveExtentions.swift */ = {isa = PBXFileReference; fileEncoding = 4; lastKnownFileType = sourcecode.swift; path = ReactiveExtentions.swift; sourceTree = "<group>"; };
		C07376BF247BD9020014C3CA /* ValidateUserScene.swift */ = {isa = PBXFileReference; lastKnownFileType = sourcecode.swift; path = ValidateUserScene.swift; sourceTree = "<group>"; };
		C07D69A12477EB8500B0B0FA /* RoundedButton.swift */ = {isa = PBXFileReference; lastKnownFileType = sourcecode.swift; path = RoundedButton.swift; sourceTree = "<group>"; };
		C07D69A52478394700B0B0FA /* RoundedTextField.swift */ = {isa = PBXFileReference; lastKnownFileType = sourcecode.swift; path = RoundedTextField.swift; sourceTree = "<group>"; };
		C07D69AA247874BF00B0B0FA /* en */ = {isa = PBXFileReference; lastKnownFileType = text.plist.strings; name = en; path = en.lproj/Main.strings; sourceTree = "<group>"; };
		C08FBDFB2497EF870065BB20 /* REGBuyerPersonalInfoController.swift */ = {isa = PBXFileReference; lastKnownFileType = sourcecode.swift; path = REGBuyerPersonalInfoController.swift; sourceTree = "<group>"; };
		C08FBDFD2497F2DA0065BB20 /* REGBuyerPersonalInfoScene.swift */ = {isa = PBXFileReference; lastKnownFileType = sourcecode.swift; path = REGBuyerPersonalInfoScene.swift; sourceTree = "<group>"; };
		C08FBDFF2497F31B0065BB20 /* REGBuyerPersonalInfoService.swift */ = {isa = PBXFileReference; lastKnownFileType = sourcecode.swift; path = REGBuyerPersonalInfoService.swift; sourceTree = "<group>"; };
		C08FBE012497FF920065BB20 /* REGBuyerCompanyInfoScene.swift */ = {isa = PBXFileReference; lastKnownFileType = sourcecode.swift; path = REGBuyerCompanyInfoScene.swift; sourceTree = "<group>"; };
		C08FBE032497FFB00065BB20 /* REGBuyerCompanyInfoController.swift */ = {isa = PBXFileReference; lastKnownFileType = sourcecode.swift; path = REGBuyerCompanyInfoController.swift; sourceTree = "<group>"; };
		C08FBE05249801CD0065BB20 /* REGBuyerCompanyInfoService.swift */ = {isa = PBXFileReference; lastKnownFileType = sourcecode.swift; path = REGBuyerCompanyInfoService.swift; sourceTree = "<group>"; };
		C091894D248038BB0058501C /* RoleViewController.swift */ = {isa = PBXFileReference; lastKnownFileType = sourcecode.swift; path = RoleViewController.swift; sourceTree = "<group>"; };
		C091894F248038E30058501C /* LoginUserScene.swift */ = {isa = PBXFileReference; lastKnownFileType = sourcecode.swift; path = LoginUserScene.swift; sourceTree = "<group>"; };
		C0925797249F7009006C4C05 /* BuyerHomeController.swift */ = {isa = PBXFileReference; lastKnownFileType = sourcecode.swift; path = BuyerHomeController.swift; sourceTree = "<group>"; };
		C0925799249F7235006C4C05 /* BuyerTabbarController.swift */ = {isa = PBXFileReference; lastKnownFileType = sourcecode.swift; path = BuyerTabbarController.swift; sourceTree = "<group>"; };
		C094288024B39E74005FDF93 /* Country+Transaction.swift */ = {isa = PBXFileReference; lastKnownFileType = sourcecode.swift; path = "Country+Transaction.swift"; sourceTree = "<group>"; };
		C09D002424B7379C0039F805 /* MyProfile.storyboard */ = {isa = PBXFileReference; lastKnownFileType = file.storyboard; path = MyProfile.storyboard; sourceTree = "<group>"; };
		C09F214A24861C79001F2FCD /* RegisterArtisanDataController.swift */ = {isa = PBXFileReference; lastKnownFileType = sourcecode.swift; path = RegisterArtisanDataController.swift; sourceTree = "<group>"; };
		C09F214C24862987001F2FCD /* REGArtisanInfoInputService.swift */ = {isa = PBXFileReference; lastKnownFileType = sourcecode.swift; path = REGArtisanInfoInputService.swift; sourceTree = "<group>"; };
		C09F214E24862B56001F2FCD /* REGArtisanDataScene.swift */ = {isa = PBXFileReference; lastKnownFileType = sourcecode.swift; path = REGArtisanDataScene.swift; sourceTree = "<group>"; };
		C09F215124862F12001F2FCD /* ProductCategory+Transaction.swift */ = {isa = PBXFileReference; lastKnownFileType = sourcecode.swift; path = "ProductCategory+Transaction.swift"; sourceTree = "<group>"; };
		C09F21532486312D001F2FCD /* ClusterDetails+Transaction.swift */ = {isa = PBXFileReference; lastKnownFileType = sourcecode.swift; path = "ClusterDetails+Transaction.swift"; sourceTree = "<group>"; };
		C0A29FFB24B8A72300A49E56 /* CompanyPointOfContact.swift */ = {isa = PBXFileReference; lastKnownFileType = sourcecode.swift; path = CompanyPointOfContact.swift; sourceTree = "<group>"; };
		C0A29FFD24B8ABC500A49E56 /* Weaver.swift */ = {isa = PBXFileReference; lastKnownFileType = sourcecode.swift; path = Weaver.swift; sourceTree = "<group>"; };
		C0A29FFF24B8B7A900A49E56 /* AddressType.swift */ = {isa = PBXFileReference; lastKnownFileType = sourcecode.swift; path = AddressType.swift; sourceTree = "<group>"; };
		C0A2A00124B8B9A900A49E56 /* PaymentAccDetails.swift */ = {isa = PBXFileReference; lastKnownFileType = sourcecode.swift; path = PaymentAccDetails.swift; sourceTree = "<group>"; };
		C0A2A00324B8D22E00A49E56 /* User+Transaction.swift */ = {isa = PBXFileReference; lastKnownFileType = sourcecode.swift; path = "User+Transaction.swift"; sourceTree = "<group>"; };
		C0A2A00524B8D89800A49E56 /* Address+Transaction.swift */ = {isa = PBXFileReference; lastKnownFileType = sourcecode.swift; path = "Address+Transaction.swift"; sourceTree = "<group>"; };
		C0A3F41624B7959C0071F7F8 /* BuyerProfileController.swift */ = {isa = PBXFileReference; lastKnownFileType = sourcecode.swift; path = BuyerProfileController.swift; sourceTree = "<group>"; };
		C0A3F41824B7A7EF0071F7F8 /* BuyerGeneralInfo.swift */ = {isa = PBXFileReference; lastKnownFileType = sourcecode.swift; path = BuyerGeneralInfo.swift; sourceTree = "<group>"; };
		C0A3F41A24B7A8090071F7F8 /* BuyerCompanyProfileInfo.swift */ = {isa = PBXFileReference; lastKnownFileType = sourcecode.swift; path = BuyerCompanyProfileInfo.swift; sourceTree = "<group>"; };
		C0A3F41C24B7A8220071F7F8 /* BuyerProfileAddrInfo.swift */ = {isa = PBXFileReference; lastKnownFileType = sourcecode.swift; path = BuyerProfileAddrInfo.swift; sourceTree = "<group>"; };
		C0A5EB6524A0EB0100AD42EA /* SideMenuController.swift */ = {isa = PBXFileReference; lastKnownFileType = sourcecode.swift; path = SideMenuController.swift; sourceTree = "<group>"; };
		C0A5EB6924A0F68500AD42EA /* UIColor+Extensions.swift */ = {isa = PBXFileReference; lastKnownFileType = sourcecode.swift; path = "UIColor+Extensions.swift"; sourceTree = "<group>"; };
		C0A5EB6D24A1321F00AD42EA /* video.mp4 */ = {isa = PBXFileReference; lastKnownFileType = file; path = video.mp4; sourceTree = "<group>"; };
		C0A9107F247CD8D000852695 /* Lato-Italic.ttf */ = {isa = PBXFileReference; lastKnownFileType = file; path = "Lato-Italic.ttf"; sourceTree = "<group>"; };
		C0A91080247CD8D000852695 /* Lato-LightItalic.ttf */ = {isa = PBXFileReference; lastKnownFileType = file; path = "Lato-LightItalic.ttf"; sourceTree = "<group>"; };
		C0A91081247CD8D000852695 /* Lato-Thin.ttf */ = {isa = PBXFileReference; lastKnownFileType = file; path = "Lato-Thin.ttf"; sourceTree = "<group>"; };
		C0A91082247CD8D000852695 /* Lato-Bold.ttf */ = {isa = PBXFileReference; lastKnownFileType = file; path = "Lato-Bold.ttf"; sourceTree = "<group>"; };
		C0A91083247CD8D000852695 /* Lato-Black.ttf */ = {isa = PBXFileReference; lastKnownFileType = file; path = "Lato-Black.ttf"; sourceTree = "<group>"; };
		C0A91084247CD8D000852695 /* Lato-Regular.ttf */ = {isa = PBXFileReference; lastKnownFileType = file; path = "Lato-Regular.ttf"; sourceTree = "<group>"; };
		C0A91085247CD8D000852695 /* Lato-BlackItalic.ttf */ = {isa = PBXFileReference; lastKnownFileType = file; path = "Lato-BlackItalic.ttf"; sourceTree = "<group>"; };
		C0A91086247CD8D000852695 /* OFL.txt */ = {isa = PBXFileReference; fileEncoding = 4; lastKnownFileType = text; path = OFL.txt; sourceTree = "<group>"; };
		C0A91087247CD8D000852695 /* Lato-BoldItalic.ttf */ = {isa = PBXFileReference; lastKnownFileType = file; path = "Lato-BoldItalic.ttf"; sourceTree = "<group>"; };
		C0A91088247CD8D000852695 /* Lato-Light.ttf */ = {isa = PBXFileReference; lastKnownFileType = file; path = "Lato-Light.ttf"; sourceTree = "<group>"; };
		C0A91089247CD8D000852695 /* Lato-ThinItalic.ttf */ = {isa = PBXFileReference; lastKnownFileType = file; path = "Lato-ThinItalic.ttf"; sourceTree = "<group>"; };
		C0A91096247CD90B00852695 /* PlayfairDisplay-Bold.ttf */ = {isa = PBXFileReference; lastKnownFileType = file; path = "PlayfairDisplay-Bold.ttf"; sourceTree = "<group>"; };
		C0A91097247CD90B00852695 /* PlayfairDisplay-SemiBold.ttf */ = {isa = PBXFileReference; lastKnownFileType = file; path = "PlayfairDisplay-SemiBold.ttf"; sourceTree = "<group>"; };
		C0A91098247CD90B00852695 /* PlayfairDisplay-Medium.ttf */ = {isa = PBXFileReference; lastKnownFileType = file; path = "PlayfairDisplay-Medium.ttf"; sourceTree = "<group>"; };
		C0A91099247CD90B00852695 /* PlayfairDisplay-BoldItalic.ttf */ = {isa = PBXFileReference; lastKnownFileType = file; path = "PlayfairDisplay-BoldItalic.ttf"; sourceTree = "<group>"; };
		C0A9109A247CD90B00852695 /* PlayfairDisplay-ExtraBoldItalic.ttf */ = {isa = PBXFileReference; lastKnownFileType = file; path = "PlayfairDisplay-ExtraBoldItalic.ttf"; sourceTree = "<group>"; };
		C0A9109B247CD90B00852695 /* PlayfairDisplay-Italic.ttf */ = {isa = PBXFileReference; lastKnownFileType = file; path = "PlayfairDisplay-Italic.ttf"; sourceTree = "<group>"; };
		C0A9109C247CD90B00852695 /* PlayfairDisplay-Regular.ttf */ = {isa = PBXFileReference; lastKnownFileType = file; path = "PlayfairDisplay-Regular.ttf"; sourceTree = "<group>"; };
		C0A9109D247CD90B00852695 /* PlayfairDisplay-Black.ttf */ = {isa = PBXFileReference; lastKnownFileType = file; path = "PlayfairDisplay-Black.ttf"; sourceTree = "<group>"; };
		C0A9109E247CD90B00852695 /* PlayfairDisplay-SemiBoldItalic.ttf */ = {isa = PBXFileReference; lastKnownFileType = file; path = "PlayfairDisplay-SemiBoldItalic.ttf"; sourceTree = "<group>"; };
		C0A9109F247CD90B00852695 /* PlayfairDisplay-MediumItalic.ttf */ = {isa = PBXFileReference; lastKnownFileType = file; path = "PlayfairDisplay-MediumItalic.ttf"; sourceTree = "<group>"; };
		C0A910A0247CD90B00852695 /* PlayfairDisplay-BlackItalic.ttf */ = {isa = PBXFileReference; lastKnownFileType = file; path = "PlayfairDisplay-BlackItalic.ttf"; sourceTree = "<group>"; };
		C0A910A1247CD90B00852695 /* PlayfairDisplay-ExtraBold.ttf */ = {isa = PBXFileReference; lastKnownFileType = file; path = "PlayfairDisplay-ExtraBold.ttf"; sourceTree = "<group>"; };
		C0A9970E2483AD740035A33D /* LoginPasswordController.swift */ = {isa = PBXFileReference; lastKnownFileType = sourcecode.swift; path = LoginPasswordController.swift; sourceTree = "<group>"; };
		C0A997102483ADFA0035A33D /* LoginUserService.swift */ = {isa = PBXFileReference; lastKnownFileType = sourcecode.swift; path = LoginUserService.swift; sourceTree = "<group>"; };
		C0AAC38F24927296008C2047 /* RoundedTextFieldRow.swift */ = {isa = PBXFileReference; lastKnownFileType = sourcecode.swift; path = RoundedTextFieldRow.swift; sourceTree = "<group>"; };
		C0AAC391249272AC008C2047 /* RoundedTextFieldRow.xib */ = {isa = PBXFileReference; lastKnownFileType = file.xib; path = RoundedTextFieldRow.xib; sourceTree = "<group>"; };
		C0AAC3932492BB89008C2047 /* RoundedActionSheetRow.swift */ = {isa = PBXFileReference; lastKnownFileType = sourcecode.swift; path = RoundedActionSheetRow.swift; sourceTree = "<group>"; };
		C0AAC3952492BBA2008C2047 /* RoundedActionSheetRow.xib */ = {isa = PBXFileReference; lastKnownFileType = file.xib; path = RoundedActionSheetRow.xib; sourceTree = "<group>"; };
		C0AC755C249402C00011B7D3 /* RoundedButtonViewRow.swift */ = {isa = PBXFileReference; lastKnownFileType = sourcecode.swift; path = RoundedButtonViewRow.swift; sourceTree = "<group>"; };
		C0AC755E249403380011B7D3 /* RoundedButtonViewRow.xib */ = {isa = PBXFileReference; lastKnownFileType = file.xib; path = RoundedButtonViewRow.xib; sourceTree = "<group>"; };
		C0ACE98F2484EF0D00EFA4ED /* User+Register.swift */ = {isa = PBXFileReference; lastKnownFileType = sourcecode.swift; path = "User+Register.swift"; sourceTree = "<group>"; };
		C0ACE9912484EF3800EFA4ED /* Country+Request.swift */ = {isa = PBXFileReference; lastKnownFileType = sourcecode.swift; path = "Country+Request.swift"; sourceTree = "<group>"; };
		C0ACE99324852A5B00EFA4ED /* CXUser.swift */ = {isa = PBXFileReference; lastKnownFileType = sourcecode.swift; path = CXUser.swift; sourceTree = "<group>"; };
		C0ACE9952485895600EFA4ED /* Country.swift */ = {isa = PBXFileReference; lastKnownFileType = sourcecode.swift; path = Country.swift; sourceTree = "<group>"; };
		C0ACE9972485900F00EFA4ED /* REGValidateArtisanController.swift */ = {isa = PBXFileReference; lastKnownFileType = sourcecode.swift; path = REGValidateArtisanController.swift; sourceTree = "<group>"; };
		C0ACE9992485908E00EFA4ED /* REGValidateUserEmailController.swift */ = {isa = PBXFileReference; lastKnownFileType = sourcecode.swift; path = REGValidateUserEmailController.swift; sourceTree = "<group>"; };
		C0ACE99B248590B100EFA4ED /* REGNewUserPasswordController.swift */ = {isa = PBXFileReference; lastKnownFileType = sourcecode.swift; path = REGNewUserPasswordController.swift; sourceTree = "<group>"; };
		C0ACE99D2485916400EFA4ED /* ProductCategory+Request.swift */ = {isa = PBXFileReference; lastKnownFileType = sourcecode.swift; path = "ProductCategory+Request.swift"; sourceTree = "<group>"; };
		C0ACE99F2485923F00EFA4ED /* RegisterArtisanController.swift */ = {isa = PBXFileReference; lastKnownFileType = sourcecode.swift; path = RegisterArtisanController.swift; sourceTree = "<group>"; };
		C0ACE9A12485947500EFA4ED /* ValidateWeaverService.swift */ = {isa = PBXFileReference; lastKnownFileType = sourcecode.swift; path = ValidateWeaverService.swift; sourceTree = "<group>"; };
		C0ACE9A3248594DE00EFA4ED /* REGValidateWeaverScene.swift */ = {isa = PBXFileReference; lastKnownFileType = sourcecode.swift; path = REGValidateWeaverScene.swift; sourceTree = "<group>"; };
		C0ACE9A52485966600EFA4ED /* REGValidateUserEmailService.swift */ = {isa = PBXFileReference; lastKnownFileType = sourcecode.swift; path = REGValidateUserEmailService.swift; sourceTree = "<group>"; };
		C0ACE9A72485970100EFA4ED /* REGValidateUserEmailScene.swift */ = {isa = PBXFileReference; lastKnownFileType = sourcecode.swift; path = REGValidateUserEmailScene.swift; sourceTree = "<group>"; };
		C0ACE9AB2485A54600EFA4ED /* RegisterArtisanService.swift */ = {isa = PBXFileReference; lastKnownFileType = sourcecode.swift; path = RegisterArtisanService.swift; sourceTree = "<group>"; };
		C0ACE9AD2485A5BB00EFA4ED /* RegisterArtisanScene.swift */ = {isa = PBXFileReference; lastKnownFileType = sourcecode.swift; path = RegisterArtisanScene.swift; sourceTree = "<group>"; };
		C0ACE9AF2485BD0C00EFA4ED /* ClusterDetails+Request.swift */ = {isa = PBXFileReference; lastKnownFileType = sourcecode.swift; path = "ClusterDetails+Request.swift"; sourceTree = "<group>"; };
		C0B08AE024787DB400BDEDE5 /* LoginEmailController.swift */ = {isa = PBXFileReference; lastKnownFileType = sourcecode.swift; path = LoginEmailController.swift; sourceTree = "<group>"; };
		C0C8DC7024A0A3B8000403B7 /* UIView+Extensions.swift */ = {isa = PBXFileReference; lastKnownFileType = sourcecode.swift; path = "UIView+Extensions.swift"; sourceTree = "<group>"; };
		C0E212D52498D11C00EC2B80 /* REGBuyerAddressInfoController.swift */ = {isa = PBXFileReference; lastKnownFileType = sourcecode.swift; path = REGBuyerAddressInfoController.swift; sourceTree = "<group>"; };
		C0E212D72498D13700EC2B80 /* REGBuyerAddressInfoService.swift */ = {isa = PBXFileReference; lastKnownFileType = sourcecode.swift; path = REGBuyerAddressInfoService.swift; sourceTree = "<group>"; };
		C0E212D92498D17300EC2B80 /* REGBuyerAddressInfoScene.swift */ = {isa = PBXFileReference; lastKnownFileType = sourcecode.swift; path = REGBuyerAddressInfoScene.swift; sourceTree = "<group>"; };
		C1F52EE3C4CE7FE5C6191B5D /* Pods-CraftExchange.release.xcconfig */ = {isa = PBXFileReference; includeInIndex = 1; lastKnownFileType = text.xcconfig; name = "Pods-CraftExchange.release.xcconfig"; path = "Target Support Files/Pods-CraftExchange/Pods-CraftExchange.release.xcconfig"; sourceTree = "<group>"; };
		D5412112F3E6109F7380B7E3 /* Pods_CraftExchange.framework */ = {isa = PBXFileReference; explicitFileType = wrapper.framework; includeInIndex = 0; path = Pods_CraftExchange.framework; sourceTree = BUILT_PRODUCTS_DIR; };
		E9E9908D3750226727C24458 /* Pods-CraftExchange.debug.xcconfig */ = {isa = PBXFileReference; includeInIndex = 1; lastKnownFileType = text.xcconfig; name = "Pods-CraftExchange.debug.xcconfig"; path = "Target Support Files/Pods-CraftExchange/Pods-CraftExchange.debug.xcconfig"; sourceTree = "<group>"; };
/* End PBXFileReference section */

/* Begin PBXFrameworksBuildPhase section */
		C03BD8742476F0BC00279D7F /* Frameworks */ = {
			isa = PBXFrameworksBuildPhase;
			buildActionMask = 2147483647;
			files = (
				1BAC5D0DE8BFC26B2CD443BA /* Pods_CraftExchange.framework in Frameworks */,
			);
			runOnlyForDeploymentPostprocessing = 0;
		};
/* End PBXFrameworksBuildPhase section */

/* Begin PBXGroup section */
		300D9F8CF38CB340DAEB48A8 /* Pods */ = {
			isa = PBXGroup;
			children = (
				E9E9908D3750226727C24458 /* Pods-CraftExchange.debug.xcconfig */,
				C1F52EE3C4CE7FE5C6191B5D /* Pods-CraftExchange.release.xcconfig */,
			);
			path = Pods;
			sourceTree = "<group>";
		};
		C0144ABE24844390006FF4AB /* LoginControllers */ = {
			isa = PBXGroup;
			children = (
				C091894D248038BB0058501C /* RoleViewController.swift */,
				C0B08AE024787DB400BDEDE5 /* LoginEmailController.swift */,
				C0A9970E2483AD740035A33D /* LoginPasswordController.swift */,
			);
			path = LoginControllers;
			sourceTree = "<group>";
		};
		C0144ABF248443BB006FF4AB /* ForgotPasswordControllers */ = {
			isa = PBXGroup;
			children = (
				C0144AA62483FA27006FF4AB /* ForgotPasswordController.swift */,
				C0144AA82483FA39006FF4AB /* ResetPasswordController.swift */,
				C0144AB2248435F7006FF4AB /* PwdResetSuccessfulController.swift */,
			);
			path = ForgotPasswordControllers;
			sourceTree = "<group>";
		};
		C0144AC0248443F6006FF4AB /* LoginServices */ = {
			isa = PBXGroup;
			children = (
				C071E25C247EF9280085805B /* ValidateUserService.swift */,
				C0A997102483ADFA0035A33D /* LoginUserService.swift */,
			);
			path = LoginServices;
			sourceTree = "<group>";
		};
		C0144AC12484441B006FF4AB /* ForgotPasswordServices */ = {
			isa = PBXGroup;
			children = (
				C0144AAE2483FCA5006FF4AB /* ForgotPasswordService.swift */,
				C0144AB02483FCB5006FF4AB /* ResetPasswordService.swift */,
			);
			path = ForgotPasswordServices;
			sourceTree = "<group>";
		};
		C0144AC224844447006FF4AB /* LoginScenes */ = {
			isa = PBXGroup;
			children = (
				C07376BF247BD9020014C3CA /* ValidateUserScene.swift */,
				C091894F248038E30058501C /* LoginUserScene.swift */,
			);
			path = LoginScenes;
			sourceTree = "<group>";
		};
		C0144AC324844457006FF4AB /* ForgotPasswordScenes */ = {
			isa = PBXGroup;
			children = (
				C0144AAA2483FC38006FF4AB /* ForgotPasswordScene.swift */,
				C0144AAC2483FC4B006FF4AB /* ResetPasswordScene.swift */,
			);
			path = ForgotPasswordScenes;
			sourceTree = "<group>";
		};
		C03BD86E2476F0BC00279D7F = {
			isa = PBXGroup;
			children = (
				C03BD8792476F0BC00279D7F /* CraftExchange */,
				C03BD8782476F0BC00279D7F /* Products */,
				300D9F8CF38CB340DAEB48A8 /* Pods */,
				D6A4220DEA2D7D94A1412932 /* Frameworks */,
			);
			sourceTree = "<group>";
		};
		C03BD8782476F0BC00279D7F /* Products */ = {
			isa = PBXGroup;
			children = (
				C03BD8772476F0BC00279D7F /* CraftExchange.app */,
			);
			name = Products;
			sourceTree = "<group>";
		};
		C03BD8792476F0BC00279D7F /* CraftExchange */ = {
			isa = PBXGroup;
			children = (
				C03BD87A2476F0BC00279D7F /* AppDelegate.swift */,
				C03BD88F2476F83100279D7F /* Scene */,
				C03BD8922476F87700279D7F /* View */,
				C03BD8902476F83B00279D7F /* Service */,
				C03BD8912476F85500279D7F /* Entities */,
				C071E23E247EE51D0085805B /* Framework */,
				C03BD8882476F0BF00279D7F /* Info.plist */,
				C03BD88E2476F7FC00279D7F /* Resources */,
			);
			path = CraftExchange;
			sourceTree = "<group>";
		};
		C03BD88E2476F7FC00279D7F /* Resources */ = {
			isa = PBXGroup;
			children = (
				C0A5EB6D24A1321F00AD42EA /* video.mp4 */,
				C0A91095247CD90B00852695 /* Playfair */,
				C0A9107E247CD8D000852695 /* Lato */,
				C03BD87C2476F0BC00279D7F /* SceneDelegate.swift */,
				C03BD8832476F0BF00279D7F /* Assets.xcassets */,
				C03BD8852476F0BF00279D7F /* LaunchScreen.storyboard */,
			);
			path = Resources;
			sourceTree = "<group>";
		};
		C03BD88F2476F83100279D7F /* Scene */ = {
			isa = PBXGroup;
			children = (
				C0ACE98C2484EDE400EFA4ED /* RegisterScenes */,
				C0144AC224844447006FF4AB /* LoginScenes */,
				C0144AC324844457006FF4AB /* ForgotPasswordScenes */,
			);
			path = Scene;
			sourceTree = "<group>";
		};
		C03BD8902476F83B00279D7F /* Service */ = {
			isa = PBXGroup;
			children = (
				C071E25E247EFAAB0085805B /* BaseService.swift */,
				C0ACE98D2484EDF300EFA4ED /* RegisterServices */,
				C0144AC0248443F6006FF4AB /* LoginServices */,
				C0144AC12484441B006FF4AB /* ForgotPasswordServices */,
			);
			path = Service;
			sourceTree = "<group>";
		};
		C03BD8912476F85500279D7F /* Entities */ = {
			isa = PBXGroup;
			children = (
				C09F215024862EF5001F2FCD /* Entity+Transaction */,
				C071E259247EF5AD0085805B /* Entity+Networking */,
				C071E22A247E7F820085805B /* Address.swift */,
				C0ACE9952485895600EFA4ED /* Country.swift */,
				C0A29FFF24B8B7A900A49E56 /* AddressType.swift */,
				C071E22F247EAB300085805B /* BuyerCompanyDetails.swift */,
				C0A29FFD24B8ABC500A49E56 /* Weaver.swift */,
				C0A29FFB24B8A72300A49E56 /* CompanyPointOfContact.swift */,
				C071E231247EAC0F0085805B /* ClusterDetails.swift */,
				C071E233247EB6170085805B /* ProductCategory.swift */,
				C071E235247EB69D0085805B /* Role.swift */,
				C071E237247ED41A0085805B /* User.swift */,
				C0A2A00124B8B9A900A49E56 /* PaymentAccDetails.swift */,
				C071E239247EDDB20085805B /* UserProductCategory.swift */,
				C071E23B247EDDF90085805B /* ClusterProductCategory.swift */,
				C0ACE99324852A5B00EFA4ED /* CXUser.swift */,
			);
			path = Entities;
			sourceTree = "<group>";
		};
		C03BD8922476F87700279D7F /* View */ = {
			isa = PBXGroup;
			children = (
				C07D699E2477EB2100B0B0FA /* CustomAssets */,
				C03BD8942476F88E00279D7F /* Storyboards */,
				C03BD8932476F87E00279D7F /* Controller */,
			);
			path = View;
			sourceTree = "<group>";
		};
		C03BD8932476F87E00279D7F /* Controller */ = {
			isa = PBXGroup;
			children = (
				C0A3F41524B795790071F7F8 /* ProfileController */,
				C0A5EB6424A0EABA00AD42EA /* SidePanel */,
				C0925796249F6FE7006C4C05 /* BuyerHome */,
				C0ACE98E2484EE0800EFA4ED /* RegisterControllers */,
				C0144ABF248443BB006FF4AB /* ForgotPasswordControllers */,
				C0144ABE24844390006FF4AB /* LoginControllers */,
			);
			path = Controller;
			sourceTree = "<group>";
		};
		C03BD8942476F88E00279D7F /* Storyboards */ = {
			isa = PBXGroup;
			children = (
				C03BD8802476F0BC00279D7F /* Main.storyboard */,
				C0144AB624843D4A006FF4AB /* RegisterArtisan.storyboard */,
				C0144ABB24843D66006FF4AB /* ForgotPassword.storyboard */,
				C06DB541249B59910009BCC1 /* Tabbar.storyboard */,
				C09D002424B7379C0039F805 /* MyProfile.storyboard */,
			);
			path = Storyboards;
			sourceTree = "<group>";
		};
		C071E22E247E81320085805B /* Utils */ = {
			isa = PBXGroup;
			children = (
				C071E23D247EE50C0085805B /* Extensions */,
			);
			path = Utils;
			sourceTree = "<group>";
		};
		C071E23D247EE50C0085805B /* Extensions */ = {
			isa = PBXGroup;
			children = (
				C071E22C247E810D0085805B /* Strings+Extensions.swift */,
				C0144AA42483EA22006FF4AB /* UIViewController+Extentions.swift */,
				C071E263247F07930085805B /* ReactiveExtentions.swift */,
				C0C8DC7024A0A3B8000403B7 /* UIView+Extensions.swift */,
				C0A5EB6924A0F68500AD42EA /* UIColor+Extensions.swift */,
			);
			path = Extensions;
			sourceTree = "<group>";
		};
		C071E23E247EE51D0085805B /* Framework */ = {
			isa = PBXGroup;
			children = (
				C071E255247EE6CD0085805B /* KeychainManager.swift */,
				C071E260247EFCC60085805B /* Offline Requests */,
				C071E24C247EE5BC0085805B /* Networking */,
				C071E23F247EE59E0085805B /* Client */,
				C071E22E247E81320085805B /* Utils */,
			);
			path = Framework;
			sourceTree = "<group>";
		};
		C071E23F247EE59E0085805B /* Client */ = {
			isa = PBXGroup;
			children = (
				C071E240247EE59E0085805B /* Utilities.swift */,
				C071E241247EE59E0085805B /* Result.swift */,
				C071E242247EE59E0085805B /* HTTPMethod.swift */,
				C071E243247EE59E0085805B /* Client.swift */,
				C071E244247EE59E0085805B /* Request.swift */,
				C071E245247EE59E0085805B /* RequestParameters.swift */,
			);
			path = Client;
			sourceTree = "<group>";
		};
		C071E24C247EE5BC0085805B /* Networking */ = {
			isa = PBXGroup;
			children = (
				C071E24D247EE5C70085805B /* Activity.swift */,
				C071E257247EE9940085805B /* APIClient.swift */,
				C071E24E247EE5C70085805B /* APIError.swift */,
				C071E24F247EE5C70085805B /* CraftExchangeClient.swift */,
				C071E250247EE5C70085805B /* SafeClient.swift */,
			);
			path = Networking;
			sourceTree = "<group>";
		};
		C071E259247EF5AD0085805B /* Entity+Networking */ = {
			isa = PBXGroup;
			children = (
				C071E25A247EF5C40085805B /* User+Request.swift */,
				C0ACE98F2484EF0D00EFA4ED /* User+Register.swift */,
				C0ACE9912484EF3800EFA4ED /* Country+Request.swift */,
				C0ACE99D2485916400EFA4ED /* ProductCategory+Request.swift */,
				C0ACE9AF2485BD0C00EFA4ED /* ClusterDetails+Request.swift */,
			);
			path = "Entity+Networking";
			sourceTree = "<group>";
		};
		C071E260247EFCC60085805B /* Offline Requests */ = {
			isa = PBXGroup;
			children = (
				C071E261247EFCC60085805B /* OfflineRequestsManager.swift */,
			);
			path = "Offline Requests";
			sourceTree = "<group>";
		};
		C07D699E2477EB2100B0B0FA /* CustomAssets */ = {
			isa = PBXGroup;
			children = (
				C07D69A12477EB8500B0B0FA /* RoundedButton.swift */,
				C07D69A52478394700B0B0FA /* RoundedTextField.swift */,
				C0AC755C249402C00011B7D3 /* RoundedButtonViewRow.swift */,
				C0AC755E249403380011B7D3 /* RoundedButtonViewRow.xib */,
				C0AAC38F24927296008C2047 /* RoundedTextFieldRow.swift */,
				C0AAC391249272AC008C2047 /* RoundedTextFieldRow.xib */,
				C0AAC3932492BB89008C2047 /* RoundedActionSheetRow.swift */,
				C0AAC3952492BBA2008C2047 /* RoundedActionSheetRow.xib */,
			);
			path = CustomAssets;
			sourceTree = "<group>";
		};
		C0925796249F6FE7006C4C05 /* BuyerHome */ = {
			isa = PBXGroup;
			children = (
				C0925797249F7009006C4C05 /* BuyerHomeController.swift */,
				C0925799249F7235006C4C05 /* BuyerTabbarController.swift */,
			);
			path = BuyerHome;
			sourceTree = "<group>";
		};
		C09F215024862EF5001F2FCD /* Entity+Transaction */ = {
			isa = PBXGroup;
			children = (
				C09F215124862F12001F2FCD /* ProductCategory+Transaction.swift */,
				C09F21532486312D001F2FCD /* ClusterDetails+Transaction.swift */,
				C094288024B39E74005FDF93 /* Country+Transaction.swift */,
				C0A2A00324B8D22E00A49E56 /* User+Transaction.swift */,
				C0A2A00524B8D89800A49E56 /* Address+Transaction.swift */,
			);
			path = "Entity+Transaction";
			sourceTree = "<group>";
		};
		C0A3F41524B795790071F7F8 /* ProfileController */ = {
			isa = PBXGroup;
			children = (
				C0A3F41624B7959C0071F7F8 /* BuyerProfileController.swift */,
				C0A3F41824B7A7EF0071F7F8 /* BuyerGeneralInfo.swift */,
				C0A3F41A24B7A8090071F7F8 /* BuyerCompanyProfileInfo.swift */,
				C0A3F41C24B7A8220071F7F8 /* BuyerProfileAddrInfo.swift */,
			);
			path = ProfileController;
			sourceTree = "<group>";
		};
		C0A5EB6424A0EABA00AD42EA /* SidePanel */ = {
			isa = PBXGroup;
			children = (
				C0A5EB6524A0EB0100AD42EA /* SideMenuController.swift */,
			);
			path = SidePanel;
			sourceTree = "<group>";
		};
		C0A9107E247CD8D000852695 /* Lato */ = {
			isa = PBXGroup;
			children = (
				C0A9107F247CD8D000852695 /* Lato-Italic.ttf */,
				C0A91080247CD8D000852695 /* Lato-LightItalic.ttf */,
				C0A91081247CD8D000852695 /* Lato-Thin.ttf */,
				C0A91082247CD8D000852695 /* Lato-Bold.ttf */,
				C0A91083247CD8D000852695 /* Lato-Black.ttf */,
				C0A91084247CD8D000852695 /* Lato-Regular.ttf */,
				C0A91085247CD8D000852695 /* Lato-BlackItalic.ttf */,
				C0A91086247CD8D000852695 /* OFL.txt */,
				C0A91087247CD8D000852695 /* Lato-BoldItalic.ttf */,
				C0A91088247CD8D000852695 /* Lato-Light.ttf */,
				C0A91089247CD8D000852695 /* Lato-ThinItalic.ttf */,
			);
			path = Lato;
			sourceTree = "<group>";
		};
		C0A91095247CD90B00852695 /* Playfair */ = {
			isa = PBXGroup;
			children = (
				C0A91096247CD90B00852695 /* PlayfairDisplay-Bold.ttf */,
				C0A91097247CD90B00852695 /* PlayfairDisplay-SemiBold.ttf */,
				C0A91098247CD90B00852695 /* PlayfairDisplay-Medium.ttf */,
				C0A91099247CD90B00852695 /* PlayfairDisplay-BoldItalic.ttf */,
				C0A9109A247CD90B00852695 /* PlayfairDisplay-ExtraBoldItalic.ttf */,
				C0A9109B247CD90B00852695 /* PlayfairDisplay-Italic.ttf */,
				C0A9109C247CD90B00852695 /* PlayfairDisplay-Regular.ttf */,
				C0A9109D247CD90B00852695 /* PlayfairDisplay-Black.ttf */,
				C0A9109E247CD90B00852695 /* PlayfairDisplay-SemiBoldItalic.ttf */,
				C0A9109F247CD90B00852695 /* PlayfairDisplay-MediumItalic.ttf */,
				C0A910A0247CD90B00852695 /* PlayfairDisplay-BlackItalic.ttf */,
				C0A910A1247CD90B00852695 /* PlayfairDisplay-ExtraBold.ttf */,
			);
			path = Playfair;
			sourceTree = "<group>";
		};
		C0ACE98C2484EDE400EFA4ED /* RegisterScenes */ = {
			isa = PBXGroup;
			children = (
				C0ACE9A3248594DE00EFA4ED /* REGValidateWeaverScene.swift */,
				C0ACE9A72485970100EFA4ED /* REGValidateUserEmailScene.swift */,
				C09F214E24862B56001F2FCD /* REGArtisanDataScene.swift */,
				C0ACE9AD2485A5BB00EFA4ED /* RegisterArtisanScene.swift */,
				C08FBDFD2497F2DA0065BB20 /* REGBuyerPersonalInfoScene.swift */,
				C08FBE012497FF920065BB20 /* REGBuyerCompanyInfoScene.swift */,
				C0E212D92498D17300EC2B80 /* REGBuyerAddressInfoScene.swift */,
			);
			path = RegisterScenes;
			sourceTree = "<group>";
		};
		C0ACE98D2484EDF300EFA4ED /* RegisterServices */ = {
			isa = PBXGroup;
			children = (
				C0ACE9A12485947500EFA4ED /* ValidateWeaverService.swift */,
				C0ACE9A52485966600EFA4ED /* REGValidateUserEmailService.swift */,
				C0ACE9AB2485A54600EFA4ED /* RegisterArtisanService.swift */,
				C09F214C24862987001F2FCD /* REGArtisanInfoInputService.swift */,
				C08FBDFF2497F31B0065BB20 /* REGBuyerPersonalInfoService.swift */,
				C08FBE05249801CD0065BB20 /* REGBuyerCompanyInfoService.swift */,
				C0E212D72498D13700EC2B80 /* REGBuyerAddressInfoService.swift */,
			);
			path = RegisterServices;
			sourceTree = "<group>";
		};
		C0ACE98E2484EE0800EFA4ED /* RegisterControllers */ = {
			isa = PBXGroup;
			children = (
				C0ACE9972485900F00EFA4ED /* REGValidateArtisanController.swift */,
				C0ACE9992485908E00EFA4ED /* REGValidateUserEmailController.swift */,
				C0ACE99B248590B100EFA4ED /* REGNewUserPasswordController.swift */,
				C08FBDFB2497EF870065BB20 /* REGBuyerPersonalInfoController.swift */,
				C08FBE032497FFB00065BB20 /* REGBuyerCompanyInfoController.swift */,
				C0E212D52498D11C00EC2B80 /* REGBuyerAddressInfoController.swift */,
				C09F214A24861C79001F2FCD /* RegisterArtisanDataController.swift */,
				C0ACE99F2485923F00EFA4ED /* RegisterArtisanController.swift */,
				C05498D424995914005D5E57 /* RegisterBuyerController.swift */,
			);
			path = RegisterControllers;
			sourceTree = "<group>";
		};
		D6A4220DEA2D7D94A1412932 /* Frameworks */ = {
			isa = PBXGroup;
			children = (
				D5412112F3E6109F7380B7E3 /* Pods_CraftExchange.framework */,
			);
			name = Frameworks;
			sourceTree = "<group>";
		};
/* End PBXGroup section */

/* Begin PBXNativeTarget section */
		C03BD8762476F0BC00279D7F /* CraftExchange */ = {
			isa = PBXNativeTarget;
			buildConfigurationList = C03BD88B2476F0BF00279D7F /* Build configuration list for PBXNativeTarget "CraftExchange" */;
			buildPhases = (
				DD647A292368DDF6E4AE627D /* [CP] Check Pods Manifest.lock */,
				C03BD8732476F0BC00279D7F /* Sources */,
				C03BD8742476F0BC00279D7F /* Frameworks */,
				C03BD8752476F0BC00279D7F /* Resources */,
				9971000716EDDADE7EE87117 /* [CP] Embed Pods Frameworks */,
			);
			buildRules = (
			);
			dependencies = (
			);
			name = CraftExchange;
			productName = CraftExchange;
			productReference = C03BD8772476F0BC00279D7F /* CraftExchange.app */;
			productType = "com.apple.product-type.application";
		};
/* End PBXNativeTarget section */

/* Begin PBXProject section */
		C03BD86F2476F0BC00279D7F /* Project object */ = {
			isa = PBXProject;
			attributes = {
				LastSwiftUpdateCheck = 1110;
				LastUpgradeCheck = 1110;
				ORGANIZATIONNAME = Adrosonic;
				TargetAttributes = {
					C03BD8762476F0BC00279D7F = {
						CreatedOnToolsVersion = 11.1;
					};
				};
			};
			buildConfigurationList = C03BD8722476F0BC00279D7F /* Build configuration list for PBXProject "CraftExchange" */;
			compatibilityVersion = "Xcode 9.3";
			developmentRegion = en;
			hasScannedForEncodings = 0;
			knownRegions = (
				en,
				Base,
			);
			mainGroup = C03BD86E2476F0BC00279D7F;
			productRefGroup = C03BD8782476F0BC00279D7F /* Products */;
			projectDirPath = "";
			projectRoot = "";
			targets = (
				C03BD8762476F0BC00279D7F /* CraftExchange */,
			);
		};
/* End PBXProject section */

/* Begin PBXResourcesBuildPhase section */
		C03BD8752476F0BC00279D7F /* Resources */ = {
			isa = PBXResourcesBuildPhase;
			buildActionMask = 2147483647;
			files = (
				C0A910A2247CD90B00852695 /* PlayfairDisplay-Bold.ttf in Resources */,
				C0A910A6247CD90B00852695 /* PlayfairDisplay-ExtraBoldItalic.ttf in Resources */,
				C0A9108A247CD8D000852695 /* Lato-Italic.ttf in Resources */,
				C0A9108E247CD8D000852695 /* Lato-Black.ttf in Resources */,
				C0A9108B247CD8D000852695 /* Lato-LightItalic.ttf in Resources */,
				C06DB542249B59910009BCC1 /* Tabbar.storyboard in Resources */,
				C09D002524B7379C0039F805 /* MyProfile.storyboard in Resources */,
				C0A910A9247CD90B00852695 /* PlayfairDisplay-Black.ttf in Resources */,
				C0A910A4247CD90B00852695 /* PlayfairDisplay-Medium.ttf in Resources */,
				C0A910AC247CD90B00852695 /* PlayfairDisplay-BlackItalic.ttf in Resources */,
				C0A910AB247CD90B00852695 /* PlayfairDisplay-MediumItalic.ttf in Resources */,
				C0A910A7247CD90B00852695 /* PlayfairDisplay-Italic.ttf in Resources */,
				C0A9108C247CD8D000852695 /* Lato-Thin.ttf in Resources */,
				C0A91090247CD8D000852695 /* Lato-BlackItalic.ttf in Resources */,
				C0AAC392249272AC008C2047 /* RoundedTextFieldRow.xib in Resources */,
				C0144AB924843D66006FF4AB /* ForgotPassword.storyboard in Resources */,
				C0A910A5247CD90B00852695 /* PlayfairDisplay-BoldItalic.ttf in Resources */,
				C0A910AD247CD90B00852695 /* PlayfairDisplay-ExtraBold.ttf in Resources */,
				C03BD8872476F0BF00279D7F /* LaunchScreen.storyboard in Resources */,
				C0A91091247CD8D000852695 /* OFL.txt in Resources */,
				C0A5EB6E24A1321F00AD42EA /* video.mp4 in Resources */,
				C0A91094247CD8D000852695 /* Lato-ThinItalic.ttf in Resources */,
				C0A910AA247CD90B00852695 /* PlayfairDisplay-SemiBoldItalic.ttf in Resources */,
				C03BD8842476F0BF00279D7F /* Assets.xcassets in Resources */,
				C0144AB424843D4A006FF4AB /* RegisterArtisan.storyboard in Resources */,
				C0A9108F247CD8D000852695 /* Lato-Regular.ttf in Resources */,
				C0A910A3247CD90B00852695 /* PlayfairDisplay-SemiBold.ttf in Resources */,
				C03BD8822476F0BC00279D7F /* Main.storyboard in Resources */,
				C0A910A8247CD90B00852695 /* PlayfairDisplay-Regular.ttf in Resources */,
				C0AC755F249403380011B7D3 /* RoundedButtonViewRow.xib in Resources */,
				C0A9108D247CD8D000852695 /* Lato-Bold.ttf in Resources */,
				C0A91092247CD8D000852695 /* Lato-BoldItalic.ttf in Resources */,
				C0AAC3962492BBA2008C2047 /* RoundedActionSheetRow.xib in Resources */,
				C0A91093247CD8D000852695 /* Lato-Light.ttf in Resources */,
			);
			runOnlyForDeploymentPostprocessing = 0;
		};
/* End PBXResourcesBuildPhase section */

/* Begin PBXShellScriptBuildPhase section */
		9971000716EDDADE7EE87117 /* [CP] Embed Pods Frameworks */ = {
			isa = PBXShellScriptBuildPhase;
			buildActionMask = 2147483647;
			files = (
			);
			inputFileListPaths = (
				"${PODS_ROOT}/Target Support Files/Pods-CraftExchange/Pods-CraftExchange-frameworks-${CONFIGURATION}-input-files.xcfilelist",
			);
			name = "[CP] Embed Pods Frameworks";
			outputFileListPaths = (
				"${PODS_ROOT}/Target Support Files/Pods-CraftExchange/Pods-CraftExchange-frameworks-${CONFIGURATION}-output-files.xcfilelist",
			);
			runOnlyForDeploymentPostprocessing = 0;
			shellPath = /bin/sh;
			shellScript = "\"${PODS_ROOT}/Target Support Files/Pods-CraftExchange/Pods-CraftExchange-frameworks.sh\"\n";
			showEnvVarsInLog = 0;
		};
		DD647A292368DDF6E4AE627D /* [CP] Check Pods Manifest.lock */ = {
			isa = PBXShellScriptBuildPhase;
			buildActionMask = 2147483647;
			files = (
			);
			inputFileListPaths = (
			);
			inputPaths = (
				"${PODS_PODFILE_DIR_PATH}/Podfile.lock",
				"${PODS_ROOT}/Manifest.lock",
			);
			name = "[CP] Check Pods Manifest.lock";
			outputFileListPaths = (
			);
			outputPaths = (
				"$(DERIVED_FILE_DIR)/Pods-CraftExchange-checkManifestLockResult.txt",
			);
			runOnlyForDeploymentPostprocessing = 0;
			shellPath = /bin/sh;
			shellScript = "diff \"${PODS_PODFILE_DIR_PATH}/Podfile.lock\" \"${PODS_ROOT}/Manifest.lock\" > /dev/null\nif [ $? != 0 ] ; then\n    # print error to STDERR\n    echo \"error: The sandbox is not in sync with the Podfile.lock. Run 'pod install' or update your CocoaPods installation.\" >&2\n    exit 1\nfi\n# This output is used by Xcode 'outputs' to avoid re-running this script phase.\necho \"SUCCESS\" > \"${SCRIPT_OUTPUT_FILE_0}\"\n";
			showEnvVarsInLog = 0;
		};
/* End PBXShellScriptBuildPhase section */

/* Begin PBXSourcesBuildPhase section */
		C03BD8732476F0BC00279D7F /* Sources */ = {
			isa = PBXSourcesBuildPhase;
			buildActionMask = 2147483647;
			files = (
				C071E248247EE59E0085805B /* HTTPMethod.swift in Sources */,
				C08FBE002497F31B0065BB20 /* REGBuyerPersonalInfoService.swift in Sources */,
				C0A2A00024B8B7A900A49E56 /* AddressType.swift in Sources */,
				C071E247247EE59E0085805B /* Result.swift in Sources */,
				C0B08AE124787DB400BDEDE5 /* LoginEmailController.swift in Sources */,
				C0A2A00224B8B9A900A49E56 /* PaymentAccDetails.swift in Sources */,
				C0ACE99C248590B100EFA4ED /* REGNewUserPasswordController.swift in Sources */,
				C0918950248038E30058501C /* LoginUserScene.swift in Sources */,
				C071E253247EE5C80085805B /* CraftExchangeClient.swift in Sources */,
				C071E24B247EE59E0085805B /* RequestParameters.swift in Sources */,
				C071E264247F07930085805B /* ReactiveExtentions.swift in Sources */,
				C071E252247EE5C80085805B /* APIError.swift in Sources */,
				C08FBE06249801CD0065BB20 /* REGBuyerCompanyInfoService.swift in Sources */,
				C0925798249F7009006C4C05 /* BuyerHomeController.swift in Sources */,
				C071E24A247EE59E0085805B /* Request.swift in Sources */,
				C092579A249F7235006C4C05 /* BuyerTabbarController.swift in Sources */,
				C0ACE9AE2485A5BB00EFA4ED /* RegisterArtisanScene.swift in Sources */,
				C03BD87B2476F0BC00279D7F /* AppDelegate.swift in Sources */,
				C0144AAD2483FC4B006FF4AB /* ResetPasswordScene.swift in Sources */,
				C0A997112483ADFA0035A33D /* LoginUserService.swift in Sources */,
				C071E22D247E810D0085805B /* Strings+Extensions.swift in Sources */,
				C03BD87D2476F0BC00279D7F /* SceneDelegate.swift in Sources */,
				C091894E248038BB0058501C /* RoleViewController.swift in Sources */,
				C0AAC3942492BB8A008C2047 /* RoundedActionSheetRow.swift in Sources */,
				C071E23A247EDDB20085805B /* UserProductCategory.swift in Sources */,
				C0E212D62498D11C00EC2B80 /* REGBuyerAddressInfoController.swift in Sources */,
				C0144AA72483FA27006FF4AB /* ForgotPasswordController.swift in Sources */,
				C071E25D247EF9280085805B /* ValidateUserService.swift in Sources */,
				C0A29FFC24B8A72300A49E56 /* CompanyPointOfContact.swift in Sources */,
				C08FBDFE2497F2DA0065BB20 /* REGBuyerPersonalInfoScene.swift in Sources */,
				C0ACE99E2485916400EFA4ED /* ProductCategory+Request.swift in Sources */,
				C0ACE99A2485908E00EFA4ED /* REGValidateUserEmailController.swift in Sources */,
				C07D69A62478394700B0B0FA /* RoundedTextField.swift in Sources */,
				C071E256247EE6CD0085805B /* KeychainManager.swift in Sources */,
				C0144AB12483FCB5006FF4AB /* ResetPasswordService.swift in Sources */,
				C071E238247ED41A0085805B /* User.swift in Sources */,
				C0A3F41B24B7A8090071F7F8 /* BuyerCompanyProfileInfo.swift in Sources */,
				C0ACE9AC2485A54600EFA4ED /* RegisterArtisanService.swift in Sources */,
				C0A9970F2483AD740035A33D /* LoginPasswordController.swift in Sources */,
				C071E258247EE9940085805B /* APIClient.swift in Sources */,
				C0144AA52483EA22006FF4AB /* UIViewController+Extentions.swift in Sources */,
				C0A5EB6A24A0F68500AD42EA /* UIColor+Extensions.swift in Sources */,
				C0ACE9A62485966600EFA4ED /* REGValidateUserEmailService.swift in Sources */,
				C0ACE99424852A5B00EFA4ED /* CXUser.swift in Sources */,
				C0C8DC7124A0A3B8000403B7 /* UIView+Extensions.swift in Sources */,
				C071E262247EFCC60085805B /* OfflineRequestsManager.swift in Sources */,
				C071E23C247EDDF90085805B /* ClusterProductCategory.swift in Sources */,
				C0ACE9A02485923F00EFA4ED /* RegisterArtisanController.swift in Sources */,
				C08FBE042497FFB00065BB20 /* REGBuyerCompanyInfoController.swift in Sources */,
				C0ACE9962485895600EFA4ED /* Country.swift in Sources */,
				C0A3F41724B7959C0071F7F8 /* BuyerProfileController.swift in Sources */,
				C0AAC39024927296008C2047 /* RoundedTextFieldRow.swift in Sources */,
				C09F215224862F12001F2FCD /* ProductCategory+Transaction.swift in Sources */,
				C0ACE9A22485947500EFA4ED /* ValidateWeaverService.swift in Sources */,
				C0144AB3248435F7006FF4AB /* PwdResetSuccessfulController.swift in Sources */,
				C0A2A00624B8D89800A49E56 /* Address+Transaction.swift in Sources */,
				C09F214F24862B56001F2FCD /* REGArtisanDataScene.swift in Sources */,
				C071E232247EAC0F0085805B /* ClusterDetails.swift in Sources */,
				C0ACE9B02485BD0C00EFA4ED /* ClusterDetails+Request.swift in Sources */,
				C09F214B24861C79001F2FCD /* RegisterArtisanDataController.swift in Sources */,
				C0144AAF2483FCA5006FF4AB /* ForgotPasswordService.swift in Sources */,
				C071E246247EE59E0085805B /* Utilities.swift in Sources */,
				C071E234247EB6170085805B /* ProductCategory.swift in Sources */,
				C094288124B39E74005FDF93 /* Country+Transaction.swift in Sources */,
				C0A29FFE24B8ABC500A49E56 /* Weaver.swift in Sources */,
				C0A3F41D24B7A8220071F7F8 /* BuyerProfileAddrInfo.swift in Sources */,
				C09F21542486312D001F2FCD /* ClusterDetails+Transaction.swift in Sources */,
				C07D69A22477EB8500B0B0FA /* RoundedButton.swift in Sources */,
				C071E22B247E7F820085805B /* Address.swift in Sources */,
				C0ACE9A82485970100EFA4ED /* REGValidateUserEmailScene.swift in Sources */,
				C08FBDFC2497EF870065BB20 /* REGBuyerPersonalInfoController.swift in Sources */,
				C071E236247EB69D0085805B /* Role.swift in Sources */,
				C0ACE9A4248594DE00EFA4ED /* REGValidateWeaverScene.swift in Sources */,
				C071E230247EAB300085805B /* BuyerCompanyDetails.swift in Sources */,
				C071E249247EE59E0085805B /* Client.swift in Sources */,
				C0A3F41924B7A7EF0071F7F8 /* BuyerGeneralInfo.swift in Sources */,
				C0E212D82498D13700EC2B80 /* REGBuyerAddressInfoService.swift in Sources */,
				C0ACE9982485900F00EFA4ED /* REGValidateArtisanController.swift in Sources */,
				C0ACE9902484EF0D00EFA4ED /* User+Register.swift in Sources */,
				C071E25F247EFAAB0085805B /* BaseService.swift in Sources */,
				C071E25B247EF5C40085805B /* User+Request.swift in Sources */,
				C07376C0247BD9020014C3CA /* ValidateUserScene.swift in Sources */,
				C071E251247EE5C80085805B /* Activity.swift in Sources */,
				C0AC755D249402C00011B7D3 /* RoundedButtonViewRow.swift in Sources */,
				C05498D524995914005D5E57 /* RegisterBuyerController.swift in Sources */,
				C071E254247EE5C80085805B /* SafeClient.swift in Sources */,
				C0A2A00424B8D22E00A49E56 /* User+Transaction.swift in Sources */,
				C09F214D24862987001F2FCD /* REGArtisanInfoInputService.swift in Sources */,
				C0E212DA2498D17300EC2B80 /* REGBuyerAddressInfoScene.swift in Sources */,
				C0144AAB2483FC38006FF4AB /* ForgotPasswordScene.swift in Sources */,
				C0ACE9922484EF3800EFA4ED /* Country+Request.swift in Sources */,
				C0144AA92483FA39006FF4AB /* ResetPasswordController.swift in Sources */,
				C08FBE022497FF920065BB20 /* REGBuyerCompanyInfoScene.swift in Sources */,
				C0A5EB6624A0EB0100AD42EA /* SideMenuController.swift in Sources */,
			);
			runOnlyForDeploymentPostprocessing = 0;
		};
/* End PBXSourcesBuildPhase section */

/* Begin PBXVariantGroup section */
		C0144AB624843D4A006FF4AB /* RegisterArtisan.storyboard */ = {
			isa = PBXVariantGroup;
			children = (
				C0144AB524843D4A006FF4AB /* Base */,
				C0144AB824843D54006FF4AB /* en */,
			);
			name = RegisterArtisan.storyboard;
			sourceTree = "<group>";
		};
		C0144ABB24843D66006FF4AB /* ForgotPassword.storyboard */ = {
			isa = PBXVariantGroup;
			children = (
				C0144ABA24843D66006FF4AB /* Base */,
				C0144ABD24843D72006FF4AB /* en */,
			);
			name = ForgotPassword.storyboard;
			sourceTree = "<group>";
		};
		C03BD8802476F0BC00279D7F /* Main.storyboard */ = {
			isa = PBXVariantGroup;
			children = (
				C03BD8812476F0BC00279D7F /* Base */,
				C07D69AA247874BF00B0B0FA /* en */,
			);
			name = Main.storyboard;
			sourceTree = "<group>";
		};
		C03BD8852476F0BF00279D7F /* LaunchScreen.storyboard */ = {
			isa = PBXVariantGroup;
			children = (
				C03BD8862476F0BF00279D7F /* Base */,
			);
			name = LaunchScreen.storyboard;
			sourceTree = "<group>";
		};
/* End PBXVariantGroup section */

/* Begin XCBuildConfiguration section */
		C03BD8892476F0BF00279D7F /* Debug */ = {
			isa = XCBuildConfiguration;
			buildSettings = {
				ALWAYS_SEARCH_USER_PATHS = NO;
				CLANG_ANALYZER_NONNULL = YES;
				CLANG_ANALYZER_NUMBER_OBJECT_CONVERSION = YES_AGGRESSIVE;
				CLANG_CXX_LANGUAGE_STANDARD = "gnu++14";
				CLANG_CXX_LIBRARY = "libc++";
				CLANG_ENABLE_MODULES = YES;
				CLANG_ENABLE_OBJC_ARC = YES;
				CLANG_ENABLE_OBJC_WEAK = YES;
				CLANG_WARN_BLOCK_CAPTURE_AUTORELEASING = YES;
				CLANG_WARN_BOOL_CONVERSION = YES;
				CLANG_WARN_COMMA = YES;
				CLANG_WARN_CONSTANT_CONVERSION = YES;
				CLANG_WARN_DEPRECATED_OBJC_IMPLEMENTATIONS = YES;
				CLANG_WARN_DIRECT_OBJC_ISA_USAGE = YES_ERROR;
				CLANG_WARN_DOCUMENTATION_COMMENTS = YES;
				CLANG_WARN_EMPTY_BODY = YES;
				CLANG_WARN_ENUM_CONVERSION = YES;
				CLANG_WARN_INFINITE_RECURSION = YES;
				CLANG_WARN_INT_CONVERSION = YES;
				CLANG_WARN_NON_LITERAL_NULL_CONVERSION = YES;
				CLANG_WARN_OBJC_IMPLICIT_RETAIN_SELF = YES;
				CLANG_WARN_OBJC_LITERAL_CONVERSION = YES;
				CLANG_WARN_OBJC_ROOT_CLASS = YES_ERROR;
				CLANG_WARN_RANGE_LOOP_ANALYSIS = YES;
				CLANG_WARN_STRICT_PROTOTYPES = YES;
				CLANG_WARN_SUSPICIOUS_MOVE = YES;
				CLANG_WARN_UNGUARDED_AVAILABILITY = YES_AGGRESSIVE;
				CLANG_WARN_UNREACHABLE_CODE = YES;
				CLANG_WARN__DUPLICATE_METHOD_MATCH = YES;
				COPY_PHASE_STRIP = NO;
				DEBUG_INFORMATION_FORMAT = dwarf;
				ENABLE_STRICT_OBJC_MSGSEND = YES;
				ENABLE_TESTABILITY = YES;
				GCC_C_LANGUAGE_STANDARD = gnu11;
				GCC_DYNAMIC_NO_PIC = NO;
				GCC_NO_COMMON_BLOCKS = YES;
				GCC_OPTIMIZATION_LEVEL = 0;
				GCC_PREPROCESSOR_DEFINITIONS = (
					"DEBUG=1",
					"$(inherited)",
				);
				GCC_WARN_64_TO_32_BIT_CONVERSION = YES;
				GCC_WARN_ABOUT_RETURN_TYPE = YES_ERROR;
				GCC_WARN_UNDECLARED_SELECTOR = YES;
				GCC_WARN_UNINITIALIZED_AUTOS = YES_AGGRESSIVE;
				GCC_WARN_UNUSED_FUNCTION = YES;
				GCC_WARN_UNUSED_VARIABLE = YES;
				IPHONEOS_DEPLOYMENT_TARGET = 13.1;
				MTL_ENABLE_DEBUG_INFO = INCLUDE_SOURCE;
				MTL_FAST_MATH = YES;
				ONLY_ACTIVE_ARCH = YES;
				SDKROOT = iphoneos;
				SWIFT_ACTIVE_COMPILATION_CONDITIONS = DEBUG;
				SWIFT_OPTIMIZATION_LEVEL = "-Onone";
			};
			name = Debug;
		};
		C03BD88A2476F0BF00279D7F /* Release */ = {
			isa = XCBuildConfiguration;
			buildSettings = {
				ALWAYS_SEARCH_USER_PATHS = NO;
				CLANG_ANALYZER_NONNULL = YES;
				CLANG_ANALYZER_NUMBER_OBJECT_CONVERSION = YES_AGGRESSIVE;
				CLANG_CXX_LANGUAGE_STANDARD = "gnu++14";
				CLANG_CXX_LIBRARY = "libc++";
				CLANG_ENABLE_MODULES = YES;
				CLANG_ENABLE_OBJC_ARC = YES;
				CLANG_ENABLE_OBJC_WEAK = YES;
				CLANG_WARN_BLOCK_CAPTURE_AUTORELEASING = YES;
				CLANG_WARN_BOOL_CONVERSION = YES;
				CLANG_WARN_COMMA = YES;
				CLANG_WARN_CONSTANT_CONVERSION = YES;
				CLANG_WARN_DEPRECATED_OBJC_IMPLEMENTATIONS = YES;
				CLANG_WARN_DIRECT_OBJC_ISA_USAGE = YES_ERROR;
				CLANG_WARN_DOCUMENTATION_COMMENTS = YES;
				CLANG_WARN_EMPTY_BODY = YES;
				CLANG_WARN_ENUM_CONVERSION = YES;
				CLANG_WARN_INFINITE_RECURSION = YES;
				CLANG_WARN_INT_CONVERSION = YES;
				CLANG_WARN_NON_LITERAL_NULL_CONVERSION = YES;
				CLANG_WARN_OBJC_IMPLICIT_RETAIN_SELF = YES;
				CLANG_WARN_OBJC_LITERAL_CONVERSION = YES;
				CLANG_WARN_OBJC_ROOT_CLASS = YES_ERROR;
				CLANG_WARN_RANGE_LOOP_ANALYSIS = YES;
				CLANG_WARN_STRICT_PROTOTYPES = YES;
				CLANG_WARN_SUSPICIOUS_MOVE = YES;
				CLANG_WARN_UNGUARDED_AVAILABILITY = YES_AGGRESSIVE;
				CLANG_WARN_UNREACHABLE_CODE = YES;
				CLANG_WARN__DUPLICATE_METHOD_MATCH = YES;
				COPY_PHASE_STRIP = NO;
				DEBUG_INFORMATION_FORMAT = "dwarf-with-dsym";
				ENABLE_NS_ASSERTIONS = NO;
				ENABLE_STRICT_OBJC_MSGSEND = YES;
				GCC_C_LANGUAGE_STANDARD = gnu11;
				GCC_NO_COMMON_BLOCKS = YES;
				GCC_WARN_64_TO_32_BIT_CONVERSION = YES;
				GCC_WARN_ABOUT_RETURN_TYPE = YES_ERROR;
				GCC_WARN_UNDECLARED_SELECTOR = YES;
				GCC_WARN_UNINITIALIZED_AUTOS = YES_AGGRESSIVE;
				GCC_WARN_UNUSED_FUNCTION = YES;
				GCC_WARN_UNUSED_VARIABLE = YES;
				IPHONEOS_DEPLOYMENT_TARGET = 13.1;
				MTL_ENABLE_DEBUG_INFO = NO;
				MTL_FAST_MATH = YES;
				SDKROOT = iphoneos;
				SWIFT_COMPILATION_MODE = wholemodule;
				SWIFT_OPTIMIZATION_LEVEL = "-O";
				VALIDATE_PRODUCT = YES;
			};
			name = Release;
		};
		C03BD88C2476F0BF00279D7F /* Debug */ = {
			isa = XCBuildConfiguration;
			baseConfigurationReference = E9E9908D3750226727C24458 /* Pods-CraftExchange.debug.xcconfig */;
			buildSettings = {
				ASSETCATALOG_COMPILER_APPICON_NAME = AppIcon;
				CODE_SIGN_STYLE = Automatic;
				DEVELOPMENT_TEAM = T8KECWD2DG;
				INFOPLIST_FILE = CraftExchange/Info.plist;
				LD_RUNPATH_SEARCH_PATHS = (
					"$(inherited)",
					"@executable_path/Frameworks",
				);
				PRODUCT_BUNDLE_IDENTIFIER = com.adrosonic.beta.CraftExchange;
				PRODUCT_NAME = "$(TARGET_NAME)";
				SWIFT_VERSION = 5.0;
				TARGETED_DEVICE_FAMILY = "1,2";
			};
			name = Debug;
		};
		C03BD88D2476F0BF00279D7F /* Release */ = {
			isa = XCBuildConfiguration;
			baseConfigurationReference = C1F52EE3C4CE7FE5C6191B5D /* Pods-CraftExchange.release.xcconfig */;
			buildSettings = {
				ASSETCATALOG_COMPILER_APPICON_NAME = AppIcon;
				CODE_SIGN_STYLE = Automatic;
				DEVELOPMENT_TEAM = T8KECWD2DG;
				INFOPLIST_FILE = CraftExchange/Info.plist;
				LD_RUNPATH_SEARCH_PATHS = (
					"$(inherited)",
					"@executable_path/Frameworks",
				);
				PRODUCT_BUNDLE_IDENTIFIER = com.adrosonic.beta.CraftExchange;
				PRODUCT_NAME = "$(TARGET_NAME)";
				SWIFT_VERSION = 5.0;
				TARGETED_DEVICE_FAMILY = "1,2";
			};
			name = Release;
		};
/* End XCBuildConfiguration section */

/* Begin XCConfigurationList section */
		C03BD8722476F0BC00279D7F /* Build configuration list for PBXProject "CraftExchange" */ = {
			isa = XCConfigurationList;
			buildConfigurations = (
				C03BD8892476F0BF00279D7F /* Debug */,
				C03BD88A2476F0BF00279D7F /* Release */,
			);
			defaultConfigurationIsVisible = 0;
			defaultConfigurationName = Release;
		};
		C03BD88B2476F0BF00279D7F /* Build configuration list for PBXNativeTarget "CraftExchange" */ = {
			isa = XCConfigurationList;
			buildConfigurations = (
				C03BD88C2476F0BF00279D7F /* Debug */,
				C03BD88D2476F0BF00279D7F /* Release */,
			);
			defaultConfigurationIsVisible = 0;
			defaultConfigurationName = Release;
		};
/* End XCConfigurationList section */
	};
	rootObject = C03BD86F2476F0BC00279D7F /* Project object */;
}
