// !$*UTF8*$!
{
	archiveVersion = 1;
	classes = {
	};
	objectVersion = 50;
	objects = {

/* Begin PBXBuildFile section */
		1BAC5D0DE8BFC26B2CD443BA /* Pods_CraftExchange.framework in Frameworks */ = {isa = PBXBuildFile; fileRef = D5412112F3E6109F7380B7E3 /* Pods_CraftExchange.framework */; };
		C03BD87B2476F0BC00279D7F /* AppDelegate.swift in Sources */ = {isa = PBXBuildFile; fileRef = C03BD87A2476F0BC00279D7F /* AppDelegate.swift */; };
		C03BD87D2476F0BC00279D7F /* SceneDelegate.swift in Sources */ = {isa = PBXBuildFile; fileRef = C03BD87C2476F0BC00279D7F /* SceneDelegate.swift */; };
		C03BD87F2476F0BC00279D7F /* ViewController.swift in Sources */ = {isa = PBXBuildFile; fileRef = C03BD87E2476F0BC00279D7F /* ViewController.swift */; };
		C03BD8822476F0BC00279D7F /* Main.storyboard in Resources */ = {isa = PBXBuildFile; fileRef = C03BD8802476F0BC00279D7F /* Main.storyboard */; };
		C03BD8842476F0BF00279D7F /* Assets.xcassets in Resources */ = {isa = PBXBuildFile; fileRef = C03BD8832476F0BF00279D7F /* Assets.xcassets */; };
		C03BD8872476F0BF00279D7F /* LaunchScreen.storyboard in Resources */ = {isa = PBXBuildFile; fileRef = C03BD8852476F0BF00279D7F /* LaunchScreen.storyboard */; };
/* End PBXBuildFile section */

/* Begin PBXFileReference section */
		C03BD8772476F0BC00279D7F /* CraftExchange.app */ = {isa = PBXFileReference; explicitFileType = wrapper.application; includeInIndex = 0; path = CraftExchange.app; sourceTree = BUILT_PRODUCTS_DIR; };
		C03BD87A2476F0BC00279D7F /* AppDelegate.swift */ = {isa = PBXFileReference; lastKnownFileType = sourcecode.swift; path = AppDelegate.swift; sourceTree = "<group>"; };
		C03BD87C2476F0BC00279D7F /* SceneDelegate.swift */ = {isa = PBXFileReference; lastKnownFileType = sourcecode.swift; path = SceneDelegate.swift; sourceTree = "<group>"; };
		C03BD87E2476F0BC00279D7F /* ViewController.swift */ = {isa = PBXFileReference; lastKnownFileType = sourcecode.swift; path = ViewController.swift; sourceTree = "<group>"; };
		C03BD8812476F0BC00279D7F /* Base */ = {isa = PBXFileReference; lastKnownFileType = file.storyboard; name = Base; path = Base.lproj/Main.storyboard; sourceTree = "<group>"; };
		C03BD8832476F0BF00279D7F /* Assets.xcassets */ = {isa = PBXFileReference; lastKnownFileType = folder.assetcatalog; path = Assets.xcassets; sourceTree = "<group>"; };
		C03BD8862476F0BF00279D7F /* Base */ = {isa = PBXFileReference; lastKnownFileType = file.storyboard; name = Base; path = Base.lproj/LaunchScreen.storyboard; sourceTree = "<group>"; };
		C03BD8882476F0BF00279D7F /* Info.plist */ = {isa = PBXFileReference; lastKnownFileType = text.plist.xml; path = Info.plist; sourceTree = "<group>"; };
		C1F52EE3C4CE7FE5C6191B5D /* Pods-CraftExchange.release.xcconfig */ = {isa = PBXFileReference; includeInIndex = 1; lastKnownFileType = text.xcconfig; name = "Pods-CraftExchange.release.xcconfig"; path = "Target Support Files/Pods-CraftExchange/Pods-CraftExchange.release.xcconfig"; sourceTree = "<group>"; };
		D5412112F3E6109F7380B7E3 /* Pods_CraftExchange.framework */ = {isa = PBXFileReference; explicitFileType = wrapper.framework; includeInIndex = 0; path = Pods_CraftExchange.framework; sourceTree = BUILT_PRODUCTS_DIR; };
		E9E9908D3750226727C24458 /* Pods-CraftExchange.debug.xcconfig */ = {isa = PBXFileReference; includeInIndex = 1; lastKnownFileType = text.xcconfig; name = "Pods-CraftExchange.debug.xcconfig"; path = "Target Support Files/Pods-CraftExchange/Pods-CraftExchange.debug.xcconfig"; sourceTree = "<group>"; };
/* End PBXFileReference section */

/* Begin PBXFrameworksBuildPhase section */
		C03BD8742476F0BC00279D7F /* Frameworks */ = {
			isa = PBXFrameworksBuildPhase;
			buildActionMask = 2147483647;
			files = (
				1BAC5D0DE8BFC26B2CD443BA /* Pods_CraftExchange.framework in Frameworks */,
			);
			runOnlyForDeploymentPostprocessing = 0;
		};
/* End PBXFrameworksBuildPhase section */

/* Begin PBXGroup section */
		300D9F8CF38CB340DAEB48A8 /* Pods */ = {
			isa = PBXGroup;
			children = (
				E9E9908D3750226727C24458 /* Pods-CraftExchange.debug.xcconfig */,
				C1F52EE3C4CE7FE5C6191B5D /* Pods-CraftExchange.release.xcconfig */,
			);
			name = Pods;
			path = Pods;
			sourceTree = "<group>";
		};
		C03BD86E2476F0BC00279D7F = {
			isa = PBXGroup;
			children = (
				C03BD8792476F0BC00279D7F /* CraftExchange */,
				C03BD8782476F0BC00279D7F /* Products */,
				300D9F8CF38CB340DAEB48A8 /* Pods */,
				D6A4220DEA2D7D94A1412932 /* Frameworks */,
			);
			sourceTree = "<group>";
		};
		C03BD8782476F0BC00279D7F /* Products */ = {
			isa = PBXGroup;
			children = (
				C03BD8772476F0BC00279D7F /* CraftExchange.app */,
			);
			name = Products;
			sourceTree = "<group>";
		};
		C03BD8792476F0BC00279D7F /* CraftExchange */ = {
			isa = PBXGroup;
			children = (
				C03BD87A2476F0BC00279D7F /* AppDelegate.swift */,
				C03BD87C2476F0BC00279D7F /* SceneDelegate.swift */,
				C03BD87E2476F0BC00279D7F /* ViewController.swift */,
				C03BD8802476F0BC00279D7F /* Main.storyboard */,
				C03BD8832476F0BF00279D7F /* Assets.xcassets */,
				C03BD8852476F0BF00279D7F /* LaunchScreen.storyboard */,
				C03BD8882476F0BF00279D7F /* Info.plist */,
			);
			path = CraftExchange;
			sourceTree = "<group>";
		};
		D6A4220DEA2D7D94A1412932 /* Frameworks */ = {
			isa = PBXGroup;
			children = (
				D5412112F3E6109F7380B7E3 /* Pods_CraftExchange.framework */,
			);
			name = Frameworks;
			sourceTree = "<group>";
		};
/* End PBXGroup section */

/* Begin PBXNativeTarget section */
		C03BD8762476F0BC00279D7F /* CraftExchange */ = {
			isa = PBXNativeTarget;
			buildConfigurationList = C03BD88B2476F0BF00279D7F /* Build configuration list for PBXNativeTarget "CraftExchange" */;
			buildPhases = (
				DD647A292368DDF6E4AE627D /* [CP] Check Pods Manifest.lock */,
				C03BD8732476F0BC00279D7F /* Sources */,
				C03BD8742476F0BC00279D7F /* Frameworks */,
				C03BD8752476F0BC00279D7F /* Resources */,
			);
			buildRules = (
			);
			dependencies = (
			);
			name = CraftExchange;
			productName = CraftExchange;
			productReference = C03BD8772476F0BC00279D7F /* CraftExchange.app */;
			productType = "com.apple.product-type.application";
		};
/* End PBXNativeTarget section */

/* Begin PBXProject section */
		C03BD86F2476F0BC00279D7F /* Project object */ = {
			isa = PBXProject;
			attributes = {
				LastSwiftUpdateCheck = 1110;
				LastUpgradeCheck = 1110;
				ORGANIZATIONNAME = Adrosonic;
				TargetAttributes = {
					C03BD8762476F0BC00279D7F = {
						CreatedOnToolsVersion = 11.1;
					};
				};
			};
			buildConfigurationList = C03BD8722476F0BC00279D7F /* Build configuration list for PBXProject "CraftExchange" */;
			compatibilityVersion = "Xcode 9.3";
			developmentRegion = en;
			hasScannedForEncodings = 0;
			knownRegions = (
				en,
				Base,
			);
			mainGroup = C03BD86E2476F0BC00279D7F;
			productRefGroup = C03BD8782476F0BC00279D7F /* Products */;
			projectDirPath = "";
			projectRoot = "";
			targets = (
				C03BD8762476F0BC00279D7F /* CraftExchange */,
			);
		};
/* End PBXProject section */

/* Begin PBXResourcesBuildPhase section */
		C03BD8752476F0BC00279D7F /* Resources */ = {
			isa = PBXResourcesBuildPhase;
			buildActionMask = 2147483647;
			files = (
				C03BD8872476F0BF00279D7F /* LaunchScreen.storyboard in Resources */,
				C03BD8842476F0BF00279D7F /* Assets.xcassets in Resources */,
				C03BD8822476F0BC00279D7F /* Main.storyboard in Resources */,
			);
			runOnlyForDeploymentPostprocessing = 0;
		};
/* End PBXResourcesBuildPhase section */

/* Begin PBXShellScriptBuildPhase section */
		DD647A292368DDF6E4AE627D /* [CP] Check Pods Manifest.lock */ = {
			isa = PBXShellScriptBuildPhase;
			buildActionMask = 2147483647;
			files = (
			);
			inputFileListPaths = (
			);
			inputPaths = (
				"${PODS_PODFILE_DIR_PATH}/Podfile.lock",
				"${PODS_ROOT}/Manifest.lock",
			);
			name = "[CP] Check Pods Manifest.lock";
			outputFileListPaths = (
			);
			outputPaths = (
				"$(DERIVED_FILE_DIR)/Pods-CraftExchange-checkManifestLockResult.txt",
			);
			runOnlyForDeploymentPostprocessing = 0;
			shellPath = /bin/sh;
			shellScript = "diff \"${PODS_PODFILE_DIR_PATH}/Podfile.lock\" \"${PODS_ROOT}/Manifest.lock\" > /dev/null\nif [ $? != 0 ] ; then\n    # print error to STDERR\n    echo \"error: The sandbox is not in sync with the Podfile.lock. Run 'pod install' or update your CocoaPods installation.\" >&2\n    exit 1\nfi\n# This output is used by Xcode 'outputs' to avoid re-running this script phase.\necho \"SUCCESS\" > \"${SCRIPT_OUTPUT_FILE_0}\"\n";
			showEnvVarsInLog = 0;
		};
/* End PBXShellScriptBuildPhase section */

/* Begin PBXSourcesBuildPhase section */
		C03BD8732476F0BC00279D7F /* Sources */ = {
			isa = PBXSourcesBuildPhase;
			buildActionMask = 2147483647;
			files = (
				C03BD87F2476F0BC00279D7F /* ViewController.swift in Sources */,
				C03BD87B2476F0BC00279D7F /* AppDelegate.swift in Sources */,
				C03BD87D2476F0BC00279D7F /* SceneDelegate.swift in Sources */,
			);
			runOnlyForDeploymentPostprocessing = 0;
		};
/* End PBXSourcesBuildPhase section */

/* Begin PBXVariantGroup section */
		C03BD8802476F0BC00279D7F /* Main.storyboard */ = {
			isa = PBXVariantGroup;
			children = (
				C03BD8812476F0BC00279D7F /* Base */,
			);
			name = Main.storyboard;
			sourceTree = "<group>";
		};
		C03BD8852476F0BF00279D7F /* LaunchScreen.storyboard */ = {
			isa = PBXVariantGroup;
			children = (
				C03BD8862476F0BF00279D7F /* Base */,
			);
			name = LaunchScreen.storyboard;
			sourceTree = "<group>";
		};
/* End PBXVariantGroup section */

/* Begin XCBuildConfiguration section */
		C03BD8892476F0BF00279D7F /* Debug */ = {
			isa = XCBuildConfiguration;
			buildSettings = {
				ALWAYS_SEARCH_USER_PATHS = NO;
				CLANG_ANALYZER_NONNULL = YES;
				CLANG_ANALYZER_NUMBER_OBJECT_CONVERSION = YES_AGGRESSIVE;
				CLANG_CXX_LANGUAGE_STANDARD = "gnu++14";
				CLANG_CXX_LIBRARY = "libc++";
				CLANG_ENABLE_MODULES = YES;
				CLANG_ENABLE_OBJC_ARC = YES;
				CLANG_ENABLE_OBJC_WEAK = YES;
				CLANG_WARN_BLOCK_CAPTURE_AUTORELEASING = YES;
				CLANG_WARN_BOOL_CONVERSION = YES;
				CLANG_WARN_COMMA = YES;
				CLANG_WARN_CONSTANT_CONVERSION = YES;
				CLANG_WARN_DEPRECATED_OBJC_IMPLEMENTATIONS = YES;
				CLANG_WARN_DIRECT_OBJC_ISA_USAGE = YES_ERROR;
				CLANG_WARN_DOCUMENTATION_COMMENTS = YES;
				CLANG_WARN_EMPTY_BODY = YES;
				CLANG_WARN_ENUM_CONVERSION = YES;
				CLANG_WARN_INFINITE_RECURSION = YES;
				CLANG_WARN_INT_CONVERSION = YES;
				CLANG_WARN_NON_LITERAL_NULL_CONVERSION = YES;
				CLANG_WARN_OBJC_IMPLICIT_RETAIN_SELF = YES;
				CLANG_WARN_OBJC_LITERAL_CONVERSION = YES;
				CLANG_WARN_OBJC_ROOT_CLASS = YES_ERROR;
				CLANG_WARN_RANGE_LOOP_ANALYSIS = YES;
				CLANG_WARN_STRICT_PROTOTYPES = YES;
				CLANG_WARN_SUSPICIOUS_MOVE = YES;
				CLANG_WARN_UNGUARDED_AVAILABILITY = YES_AGGRESSIVE;
				CLANG_WARN_UNREACHABLE_CODE = YES;
				CLANG_WARN__DUPLICATE_METHOD_MATCH = YES;
				COPY_PHASE_STRIP = NO;
				DEBUG_INFORMATION_FORMAT = dwarf;
				ENABLE_STRICT_OBJC_MSGSEND = YES;
				ENABLE_TESTABILITY = YES;
				GCC_C_LANGUAGE_STANDARD = gnu11;
				GCC_DYNAMIC_NO_PIC = NO;
				GCC_NO_COMMON_BLOCKS = YES;
				GCC_OPTIMIZATION_LEVEL = 0;
				GCC_PREPROCESSOR_DEFINITIONS = (
					"DEBUG=1",
					"$(inherited)",
				);
				GCC_WARN_64_TO_32_BIT_CONVERSION = YES;
				GCC_WARN_ABOUT_RETURN_TYPE = YES_ERROR;
				GCC_WARN_UNDECLARED_SELECTOR = YES;
				GCC_WARN_UNINITIALIZED_AUTOS = YES_AGGRESSIVE;
				GCC_WARN_UNUSED_FUNCTION = YES;
				GCC_WARN_UNUSED_VARIABLE = YES;
				IPHONEOS_DEPLOYMENT_TARGET = 13.1;
				MTL_ENABLE_DEBUG_INFO = INCLUDE_SOURCE;
				MTL_FAST_MATH = YES;
				ONLY_ACTIVE_ARCH = YES;
				SDKROOT = iphoneos;
				SWIFT_ACTIVE_COMPILATION_CONDITIONS = DEBUG;
				SWIFT_OPTIMIZATION_LEVEL = "-Onone";
			};
			name = Debug;
		};
		C03BD88A2476F0BF00279D7F /* Release */ = {
			isa = XCBuildConfiguration;
			buildSettings = {
				ALWAYS_SEARCH_USER_PATHS = NO;
				CLANG_ANALYZER_NONNULL = YES;
				CLANG_ANALYZER_NUMBER_OBJECT_CONVERSION = YES_AGGRESSIVE;
				CLANG_CXX_LANGUAGE_STANDARD = "gnu++14";
				CLANG_CXX_LIBRARY = "libc++";
				CLANG_ENABLE_MODULES = YES;
				CLANG_ENABLE_OBJC_ARC = YES;
				CLANG_ENABLE_OBJC_WEAK = YES;
				CLANG_WARN_BLOCK_CAPTURE_AUTORELEASING = YES;
				CLANG_WARN_BOOL_CONVERSION = YES;
				CLANG_WARN_COMMA = YES;
				CLANG_WARN_CONSTANT_CONVERSION = YES;
				CLANG_WARN_DEPRECATED_OBJC_IMPLEMENTATIONS = YES;
				CLANG_WARN_DIRECT_OBJC_ISA_USAGE = YES_ERROR;
				CLANG_WARN_DOCUMENTATION_COMMENTS = YES;
				CLANG_WARN_EMPTY_BODY = YES;
				CLANG_WARN_ENUM_CONVERSION = YES;
				CLANG_WARN_INFINITE_RECURSION = YES;
				CLANG_WARN_INT_CONVERSION = YES;
				CLANG_WARN_NON_LITERAL_NULL_CONVERSION = YES;
				CLANG_WARN_OBJC_IMPLICIT_RETAIN_SELF = YES;
				CLANG_WARN_OBJC_LITERAL_CONVERSION = YES;
				CLANG_WARN_OBJC_ROOT_CLASS = YES_ERROR;
				CLANG_WARN_RANGE_LOOP_ANALYSIS = YES;
				CLANG_WARN_STRICT_PROTOTYPES = YES;
				CLANG_WARN_SUSPICIOUS_MOVE = YES;
				CLANG_WARN_UNGUARDED_AVAILABILITY = YES_AGGRESSIVE;
				CLANG_WARN_UNREACHABLE_CODE = YES;
				CLANG_WARN__DUPLICATE_METHOD_MATCH = YES;
				COPY_PHASE_STRIP = NO;
				DEBUG_INFORMATION_FORMAT = "dwarf-with-dsym";
				ENABLE_NS_ASSERTIONS = NO;
				ENABLE_STRICT_OBJC_MSGSEND = YES;
				GCC_C_LANGUAGE_STANDARD = gnu11;
				GCC_NO_COMMON_BLOCKS = YES;
				GCC_WARN_64_TO_32_BIT_CONVERSION = YES;
				GCC_WARN_ABOUT_RETURN_TYPE = YES_ERROR;
				GCC_WARN_UNDECLARED_SELECTOR = YES;
				GCC_WARN_UNINITIALIZED_AUTOS = YES_AGGRESSIVE;
				GCC_WARN_UNUSED_FUNCTION = YES;
				GCC_WARN_UNUSED_VARIABLE = YES;
				IPHONEOS_DEPLOYMENT_TARGET = 13.1;
				MTL_ENABLE_DEBUG_INFO = NO;
				MTL_FAST_MATH = YES;
				SDKROOT = iphoneos;
				SWIFT_COMPILATION_MODE = wholemodule;
				SWIFT_OPTIMIZATION_LEVEL = "-O";
				VALIDATE_PRODUCT = YES;
			};
			name = Release;
		};
		C03BD88C2476F0BF00279D7F /* Debug */ = {
			isa = XCBuildConfiguration;
			baseConfigurationReference = E9E9908D3750226727C24458 /* Pods-CraftExchange.debug.xcconfig */;
			buildSettings = {
				ASSETCATALOG_COMPILER_APPICON_NAME = AppIcon;
				CODE_SIGN_STYLE = Automatic;
				DEVELOPMENT_TEAM = T8KECWD2DG;
				INFOPLIST_FILE = CraftExchange/Info.plist;
				LD_RUNPATH_SEARCH_PATHS = (
					"$(inherited)",
					"@executable_path/Frameworks",
				);
				PRODUCT_BUNDLE_IDENTIFIER = com.adrosonic.beta.CraftExchange;
				PRODUCT_NAME = "$(TARGET_NAME)";
				SWIFT_VERSION = 5.0;
				TARGETED_DEVICE_FAMILY = "1,2";
			};
			name = Debug;
		};
		C03BD88D2476F0BF00279D7F /* Release */ = {
			isa = XCBuildConfiguration;
			baseConfigurationReference = C1F52EE3C4CE7FE5C6191B5D /* Pods-CraftExchange.release.xcconfig */;
			buildSettings = {
				ASSETCATALOG_COMPILER_APPICON_NAME = AppIcon;
				CODE_SIGN_STYLE = Automatic;
				DEVELOPMENT_TEAM = T8KECWD2DG;
				INFOPLIST_FILE = CraftExchange/Info.plist;
				LD_RUNPATH_SEARCH_PATHS = (
					"$(inherited)",
					"@executable_path/Frameworks",
				);
				PRODUCT_BUNDLE_IDENTIFIER = com.adrosonic.beta.CraftExchange;
				PRODUCT_NAME = "$(TARGET_NAME)";
				SWIFT_VERSION = 5.0;
				TARGETED_DEVICE_FAMILY = "1,2";
			};
			name = Release;
		};
/* End XCBuildConfiguration section */

/* Begin XCConfigurationList section */
		C03BD8722476F0BC00279D7F /* Build configuration list for PBXProject "CraftExchange" */ = {
			isa = XCConfigurationList;
			buildConfigurations = (
				C03BD8892476F0BF00279D7F /* Debug */,
				C03BD88A2476F0BF00279D7F /* Release */,
			);
			defaultConfigurationIsVisible = 0;
			defaultConfigurationName = Release;
		};
		C03BD88B2476F0BF00279D7F /* Build configuration list for PBXNativeTarget "CraftExchange" */ = {
			isa = XCConfigurationList;
			buildConfigurations = (
				C03BD88C2476F0BF00279D7F /* Debug */,
				C03BD88D2476F0BF00279D7F /* Release */,
			);
			defaultConfigurationIsVisible = 0;
			defaultConfigurationName = Release;
		};
/* End XCConfigurationList section */
	};
	rootObject = C03BD86F2476F0BC00279D7F /* Project object */;
}
